// !$*UTF8*$!
{
	archiveVersion = 1;
	classes = {
	};
	objectVersion = 52;
	objects = {

/* Begin PBXBuildFile section */
		0702FF8D288D5FB600D78BF6 /* ReviewManager.swift in Sources */ = {isa = PBXBuildFile; fileRef = 0702FF8C288D5FB600D78BF6 /* ReviewManager.swift */; };
		070C22442929DDE300A6CED2 /* OneSignal in Frameworks */ = {isa = PBXBuildFile; productRef = 070C22432929DDE300A6CED2 /* OneSignal */; };
		070D525928C5D6EF00CDA918 /* FirebaseAuth in Frameworks */ = {isa = PBXBuildFile; productRef = 070D525828C5D6EF00CDA918 /* FirebaseAuth */; };
		070D525B28C5D6EF00CDA918 /* FirebaseCrashlytics in Frameworks */ = {isa = PBXBuildFile; productRef = 070D525A28C5D6EF00CDA918 /* FirebaseCrashlytics */; };
		070D525D28C5D6EF00CDA918 /* FirebaseFirestore in Frameworks */ = {isa = PBXBuildFile; productRef = 070D525C28C5D6EF00CDA918 /* FirebaseFirestore */; };
		070D525F28C5D76500CDA918 /* AppDelegate.swift in Sources */ = {isa = PBXBuildFile; fileRef = 070D525E28C5D76500CDA918 /* AppDelegate.swift */; };
		070D526328C5DCCD00CDA918 /* Router.swift in Sources */ = {isa = PBXBuildFile; fileRef = 070D526228C5DCCD00CDA918 /* Router.swift */; };
		070D526628C5DD5200CDA918 /* CoreBopomofoStudio in Frameworks */ = {isa = PBXBuildFile; productRef = 070D526528C5DD5200CDA918 /* CoreBopomofoStudio */; };
		070D526828C5DD5500CDA918 /* FirebaseProvider in Frameworks */ = {isa = PBXBuildFile; productRef = 070D526728C5DD5500CDA918 /* FirebaseProvider */; };
		07248DE628C5E287003FE4AB /* SettingsViewModel.swift in Sources */ = {isa = PBXBuildFile; fileRef = 07248DE528C5E287003FE4AB /* SettingsViewModel.swift */; };
		07248DE928C5E890003FE4AB /* MockProvider in Frameworks */ = {isa = PBXBuildFile; productRef = 07248DE828C5E890003FE4AB /* MockProvider */; };
		07248DEB28C637D7003FE4AB /* ContentPreviewViewModel.swift in Sources */ = {isa = PBXBuildFile; fileRef = 07248DEA28C637D7003FE4AB /* ContentPreviewViewModel.swift */; };
		07248DF228C65141003FE4AB /* GoogleService-Info.naquinojr.Bopomofo-Studio.plist in Resources */ = {isa = PBXBuildFile; fileRef = 07248DF128C65141003FE4AB /* GoogleService-Info.naquinojr.Bopomofo-Studio.plist */; };
		072518F3293CADBC00977A75 /* HeroCellViewModel.swift in Sources */ = {isa = PBXBuildFile; fileRef = 072518F2293CADBC00977A75 /* HeroCellViewModel.swift */; };
		072518F5293CC15200977A75 /* FirebaseDatabase in Frameworks */ = {isa = PBXBuildFile; productRef = 072518F4293CC15200977A75 /* FirebaseDatabase */; };
		072518F7293D2F3500977A75 /* Strings+Extension.swift in Sources */ = {isa = PBXBuildFile; fileRef = 072518F6293D2F3500977A75 /* Strings+Extension.swift */; };
		072518FA293D30A600977A75 /* LanguageHelper.swift in Sources */ = {isa = PBXBuildFile; fileRef = 072518F9293D30A600977A75 /* LanguageHelper.swift */; };
		072518FC293D4BE700977A75 /* HomeCategoryCellView.swift in Sources */ = {isa = PBXBuildFile; fileRef = 072518FB293D4BE700977A75 /* HomeCategoryCellView.swift */; };
		072518FE293D4BF100977A75 /* HomeCategoryCellViewModel.swift in Sources */ = {isa = PBXBuildFile; fileRef = 072518FD293D4BF100977A75 /* HomeCategoryCellViewModel.swift */; };
		07251903293F42C500977A75 /* TextField+Extensions.swift in Sources */ = {isa = PBXBuildFile; fileRef = 07251902293F42C500977A75 /* TextField+Extensions.swift */; };
		073313BA2933313C0053F290 /* FeedbackSheet.swift in Sources */ = {isa = PBXBuildFile; fileRef = 073313B92933313C0053F290 /* FeedbackSheet.swift */; };
		075EF7612AF0B8BB00684ACE /* Alamofire in Frameworks */ = {isa = PBXBuildFile; productRef = 075EF7602AF0B8BB00684ACE /* Alamofire */; };
		075EF7632AF0C17E00684ACE /* ChatGPTAIProvider in Frameworks */ = {isa = PBXBuildFile; productRef = 075EF7622AF0C17E00684ACE /* ChatGPTAIProvider */; };
		07729E9E2A9F05000015BE3B /* StatisticsView.swift in Sources */ = {isa = PBXBuildFile; fileRef = 07729E9D2A9F05000015BE3B /* StatisticsView.swift */; };
		07729EA12A9F05AC0015BE3B /* StatisticsViewModel.swift in Sources */ = {isa = PBXBuildFile; fileRef = 07729EA02A9F05AC0015BE3B /* StatisticsViewModel.swift */; };
		07A4DE7A29212A6D00D31402 /* PreviewProvider+Extensions.swift in Sources */ = {isa = PBXBuildFile; fileRef = 07A4DE7929212A6D00D31402 /* PreviewProvider+Extensions.swift */; };
		07AE37A32939FB0800ECDA2F /* FlashcardView.swift in Sources */ = {isa = PBXBuildFile; fileRef = 07AE37A22939FB0800ECDA2F /* FlashcardView.swift */; };
		07AE37A52939FB1600ECDA2F /* FlashcardViewModel.swift in Sources */ = {isa = PBXBuildFile; fileRef = 07AE37A42939FB1600ECDA2F /* FlashcardViewModel.swift */; };
		07B653A528C5CCA70036A1E6 /* Localizable.strings in Resources */ = {isa = PBXBuildFile; fileRef = 07B653A428C5CCA70036A1E6 /* Localizable.strings */; };
		07BB8BAE292A456800B2CE7C /* MainView.swift in Sources */ = {isa = PBXBuildFile; fileRef = 07BB8BAD292A456800B2CE7C /* MainView.swift */; };
		07D1289429309D150011CFD9 /* OnboardingViewModel.swift in Sources */ = {isa = PBXBuildFile; fileRef = 07D1289329309D150011CFD9 /* OnboardingViewModel.swift */; };
		07D1289629309D1D0011CFD9 /* OnboardingView.swift in Sources */ = {isa = PBXBuildFile; fileRef = 07D1289529309D1D0011CFD9 /* OnboardingView.swift */; };
		07D1289A29309E940011CFD9 /* OnboardingSlide.swift in Sources */ = {isa = PBXBuildFile; fileRef = 07D1289929309E940011CFD9 /* OnboardingSlide.swift */; };
		07D1289C2930B46A0011CFD9 /* TestContentCell.swift in Sources */ = {isa = PBXBuildFile; fileRef = 07D1289B2930B46A0011CFD9 /* TestContentCell.swift */; };
		07D1289E2931F2310011CFD9 /* UserDefaults+Extensions.swift in Sources */ = {isa = PBXBuildFile; fileRef = 07D1289D2931F2310011CFD9 /* UserDefaults+Extensions.swift */; };
		07D128A12931F4D10011CFD9 /* DeveloperControlsView.swift in Sources */ = {isa = PBXBuildFile; fileRef = 07D128A02931F4D10011CFD9 /* DeveloperControlsView.swift */; };
		07D128A32931F4DC0011CFD9 /* DeveloperControlsViewModel.swift in Sources */ = {isa = PBXBuildFile; fileRef = 07D128A22931F4DC0011CFD9 /* DeveloperControlsViewModel.swift */; };
		07DFD73729210D7C00C23485 /* Mixpanel in Frameworks */ = {isa = PBXBuildFile; productRef = 07DFD73629210D7C00C23485 /* Mixpanel */; };
		07DFD740292117BA00C23485 /* EnvironmentKeys.swift in Sources */ = {isa = PBXBuildFile; fileRef = 07DFD73F292117BA00C23485 /* EnvironmentKeys.swift */; };
		07DFD744292118C300C23485 /* Staging.xcconfig in Resources */ = {isa = PBXBuildFile; fileRef = 07DFD743292118C300C23485 /* Staging.xcconfig */; };
		07DFD746292118CE00C23485 /* Release.xcconfig in Resources */ = {isa = PBXBuildFile; fileRef = 07DFD745292118CE00C23485 /* Release.xcconfig */; };
		07DFD74929211B0900C23485 /* MixpanelProvider in Frameworks */ = {isa = PBXBuildFile; productRef = 07DFD74829211B0900C23485 /* MixpanelProvider */; };
		07E7D276292908FD005393AE /* NotificationService.swift in Sources */ = {isa = PBXBuildFile; fileRef = 07E7D275292908FD005393AE /* NotificationService.swift */; };
		07E7D27A292908FD005393AE /* OneSignalNotificationServiceExtension.appex in Embed Foundation Extensions */ = {isa = PBXBuildFile; fileRef = 07E7D273292908FD005393AE /* OneSignalNotificationServiceExtension.appex */; settings = {ATTRIBUTES = (RemoveHeadersOnCopy, ); }; };
		07E7D28529291685005393AE /* GoogleService-Info.naquinojr.Bopomofo-Studio.staging.plist in Resources */ = {isa = PBXBuildFile; fileRef = 07E7D28429291685005393AE /* GoogleService-Info.naquinojr.Bopomofo-Studio.staging.plist */; };
		07E7D28829294124005393AE /* OneSignal in Frameworks */ = {isa = PBXBuildFile; productRef = 07E7D28729294124005393AE /* OneSignal */; };
		07FB8485293C8456001181A7 /* HomeViewModel.swift in Sources */ = {isa = PBXBuildFile; fileRef = 07FB8484293C8456001181A7 /* HomeViewModel.swift */; };
		07FB8487293C845C001181A7 /* HomeView.swift in Sources */ = {isa = PBXBuildFile; fileRef = 07FB8486293C845C001181A7 /* HomeView.swift */; };
		07FB8489293C9AD8001181A7 /* HeroCellView.swift in Sources */ = {isa = PBXBuildFile; fileRef = 07FB8488293C9AD8001181A7 /* HeroCellView.swift */; };
		07FB848B293C9BD5001181A7 /* FirebaseStorage in Frameworks */ = {isa = PBXBuildFile; productRef = 07FB848A293C9BD5001181A7 /* FirebaseStorage */; };
		07FB8492293C9EC2001181A7 /* NukeUI in Frameworks */ = {isa = PBXBuildFile; productRef = 07FB8491293C9EC2001181A7 /* NukeUI */; };
		5215400B279F79B100CDD9FB /* ContentPreviewView.swift in Sources */ = {isa = PBXBuildFile; fileRef = 5215400A279F79B100CDD9FB /* ContentPreviewView.swift */; };
		522D4F3126D1805500578A82 /* Assets.xcassets in Resources */ = {isa = PBXBuildFile; fileRef = 522D4F3026D1805500578A82 /* Assets.xcassets */; };
		5237C17626A5CB3E00C7BC56 /* Bopomofo Studio.swift in Sources */ = {isa = PBXBuildFile; fileRef = 5237C17526A5CB3E00C7BC56 /* Bopomofo Studio.swift */; };
		5237C1A126A5CC0800C7BC56 /* ZhuyinTestView.swift in Sources */ = {isa = PBXBuildFile; fileRef = 5237C1A026A5CC0800C7BC56 /* ZhuyinTestView.swift */; };
		5246F5262837A2F7006D0A10 /* Launch Screen.storyboard in Resources */ = {isa = PBXBuildFile; fileRef = 5246F5252837A2F7006D0A10 /* Launch Screen.storyboard */; };
		5253431B2751026400C439AC /* ding.mp3 in Resources */ = {isa = PBXBuildFile; fileRef = 5253431A2751026400C439AC /* ding.mp3 */; };
		5253431D275102F300C439AC /* bonk.mp3 in Resources */ = {isa = PBXBuildFile; fileRef = 5253431C275102F300C439AC /* bonk.mp3 */; };
		5253431F2751034A00C439AC /* eng.mp3 in Resources */ = {isa = PBXBuildFile; fileRef = 5253431E2751034A00C439AC /* eng.mp3 */; };
		5253440027521DDA00C439AC /* F_ㄉ.mp3 in Resources */ = {isa = PBXBuildFile; fileRef = 525343DB27521DD900C439AC /* F_ㄉ.mp3 */; };
		5253440127521DDA00C439AC /* F_ㄚ.mp3 in Resources */ = {isa = PBXBuildFile; fileRef = 525343DC27521DD900C439AC /* F_ㄚ.mp3 */; };
		5253440227521DDA00C439AC /* F_ㄖ.mp3 in Resources */ = {isa = PBXBuildFile; fileRef = 525343DD27521DD900C439AC /* F_ㄖ.mp3 */; };
		5253440327521DDA00C439AC /* F_ㄒ.mp3 in Resources */ = {isa = PBXBuildFile; fileRef = 525343DE27521DD900C439AC /* F_ㄒ.mp3 */; };
		5253440427521DDA00C439AC /* F_ㄦ.mp3 in Resources */ = {isa = PBXBuildFile; fileRef = 525343DF27521DD900C439AC /* F_ㄦ.mp3 */; };
		5253440527521DDA00C439AC /* F_ㄞ.mp3 in Resources */ = {isa = PBXBuildFile; fileRef = 525343E027521DD900C439AC /* F_ㄞ.mp3 */; };
		5253440627521DDA00C439AC /* F_ㄈ.mp3 in Resources */ = {isa = PBXBuildFile; fileRef = 525343E127521DD900C439AC /* F_ㄈ.mp3 */; };
		5253440727521DDA00C439AC /* F_ㄥ.mp3 in Resources */ = {isa = PBXBuildFile; fileRef = 525343E227521DD900C439AC /* F_ㄥ.mp3 */; };
		5253440827521DDA00C439AC /* F_ㄔ.mp3 in Resources */ = {isa = PBXBuildFile; fileRef = 525343E327521DD900C439AC /* F_ㄔ.mp3 */; };
		5253440927521DDA00C439AC /* F_ㄆ.mp3 in Resources */ = {isa = PBXBuildFile; fileRef = 525343E427521DD900C439AC /* F_ㄆ.mp3 */; };
		5253440A27521DDA00C439AC /* F_ㄤ.mp3 in Resources */ = {isa = PBXBuildFile; fileRef = 525343E527521DD900C439AC /* F_ㄤ.mp3 */; };
		5253440B27521DDA00C439AC /* F_ㄕ.mp3 in Resources */ = {isa = PBXBuildFile; fileRef = 525343E627521DD900C439AC /* F_ㄕ.mp3 */; };
		5253440C27521DDA00C439AC /* F_ㄠ.mp3 in Resources */ = {isa = PBXBuildFile; fileRef = 525343E727521DD900C439AC /* F_ㄠ.mp3 */; };
		5253440D27521DDA00C439AC /* F_ㄑ.mp3 in Resources */ = {isa = PBXBuildFile; fileRef = 525343E827521DD900C439AC /* F_ㄑ.mp3 */; };
		5253440E27521DDA00C439AC /* F_ㄐ.mp3 in Resources */ = {isa = PBXBuildFile; fileRef = 525343E927521DD900C439AC /* F_ㄐ.mp3 */; };
		5253440F27521DDA00C439AC /* F_ㄇ.mp3 in Resources */ = {isa = PBXBuildFile; fileRef = 525343EA27521DD900C439AC /* F_ㄇ.mp3 */; };
		5253441027521DDA00C439AC /* F_ㄏ.mp3 in Resources */ = {isa = PBXBuildFile; fileRef = 525343EB27521DD900C439AC /* F_ㄏ.mp3 */; };
		5253441127521DDA00C439AC /* F_ㄊ.mp3 in Resources */ = {isa = PBXBuildFile; fileRef = 525343EC27521DD900C439AC /* F_ㄊ.mp3 */; };
		5253441227521DDA00C439AC /* F_ㄡ.mp3 in Resources */ = {isa = PBXBuildFile; fileRef = 525343ED27521DD900C439AC /* F_ㄡ.mp3 */; };
		5253441327521DDA00C439AC /* F_ㄨ.mp3 in Resources */ = {isa = PBXBuildFile; fileRef = 525343EE27521DD900C439AC /* F_ㄨ.mp3 */; };
		5253441427521DDA00C439AC /* F_ㄝ.mp3 in Resources */ = {isa = PBXBuildFile; fileRef = 525343EF27521DD900C439AC /* F_ㄝ.mp3 */; };
		5253441527521DDA00C439AC /* F_ㄢ.mp3 in Resources */ = {isa = PBXBuildFile; fileRef = 525343F027521DDA00C439AC /* F_ㄢ.mp3 */; };
		5253441627521DDA00C439AC /* F_ㄘ.mp3 in Resources */ = {isa = PBXBuildFile; fileRef = 525343F127521DDA00C439AC /* F_ㄘ.mp3 */; };
		5253441727521DDA00C439AC /* F_ㄌ.mp3 in Resources */ = {isa = PBXBuildFile; fileRef = 525343F227521DDA00C439AC /* F_ㄌ.mp3 */; };
		5253441827521DDA00C439AC /* F_ㄓ.mp3 in Resources */ = {isa = PBXBuildFile; fileRef = 525343F327521DDA00C439AC /* F_ㄓ.mp3 */; };
		5253441927521DDA00C439AC /* F_ㄗ.mp3 in Resources */ = {isa = PBXBuildFile; fileRef = 525343F427521DDA00C439AC /* F_ㄗ.mp3 */; };
		5253441A27521DDA00C439AC /* F_ㄙ.mp3 in Resources */ = {isa = PBXBuildFile; fileRef = 525343F527521DDA00C439AC /* F_ㄙ.mp3 */; };
		5253441B27521DDA00C439AC /* F_ㄍ.mp3 in Resources */ = {isa = PBXBuildFile; fileRef = 525343F627521DDA00C439AC /* F_ㄍ.mp3 */; };
		5253441C27521DDA00C439AC /* F_ㄅ.mp3 in Resources */ = {isa = PBXBuildFile; fileRef = 525343F727521DDA00C439AC /* F_ㄅ.mp3 */; };
		5253441D27521DDA00C439AC /* F_ㄜ.mp3 in Resources */ = {isa = PBXBuildFile; fileRef = 525343F827521DDA00C439AC /* F_ㄜ.mp3 */; };
		5253441E27521DDA00C439AC /* F_ㄩ.mp3 in Resources */ = {isa = PBXBuildFile; fileRef = 525343F927521DDA00C439AC /* F_ㄩ.mp3 */; };
		5253441F27521DDA00C439AC /* F_ㄎ.mp3 in Resources */ = {isa = PBXBuildFile; fileRef = 525343FA27521DDA00C439AC /* F_ㄎ.mp3 */; };
		5253442027521DDA00C439AC /* F_ㄋ.mp3 in Resources */ = {isa = PBXBuildFile; fileRef = 525343FB27521DDA00C439AC /* F_ㄋ.mp3 */; };
		5253442127521DDA00C439AC /* F_ㄧ.mp3 in Resources */ = {isa = PBXBuildFile; fileRef = 525343FC27521DDA00C439AC /* F_ㄧ.mp3 */; };
		5253442227521DDA00C439AC /* F_ㄣ.mp3 in Resources */ = {isa = PBXBuildFile; fileRef = 525343FD27521DDA00C439AC /* F_ㄣ.mp3 */; };
		5253442327521DDA00C439AC /* F_ㄟ.mp3 in Resources */ = {isa = PBXBuildFile; fileRef = 525343FE27521DDA00C439AC /* F_ㄟ.mp3 */; };
		5253442427521DDA00C439AC /* F_ㄛ.mp3 in Resources */ = {isa = PBXBuildFile; fileRef = 525343FF27521DDA00C439AC /* F_ㄛ.mp3 */; };
		5253444B275360D100C439AC /* M_ㄊ.mp3 in Resources */ = {isa = PBXBuildFile; fileRef = 52534426275360D000C439AC /* M_ㄊ.mp3 */; };
		5253444C275360D100C439AC /* M_ㄥ.mp3 in Resources */ = {isa = PBXBuildFile; fileRef = 52534427275360D000C439AC /* M_ㄥ.mp3 */; };
		5253444D275360D100C439AC /* M_ㄅ.mp3 in Resources */ = {isa = PBXBuildFile; fileRef = 52534428275360D000C439AC /* M_ㄅ.mp3 */; };
		5253444E275360D100C439AC /* M_ㄡ.mp3 in Resources */ = {isa = PBXBuildFile; fileRef = 52534429275360D000C439AC /* M_ㄡ.mp3 */; };
		5253444F275360D100C439AC /* M_ㄟ.mp3 in Resources */ = {isa = PBXBuildFile; fileRef = 5253442A275360D000C439AC /* M_ㄟ.mp3 */; };
		52534450275360D100C439AC /* M_ㄜ.mp3 in Resources */ = {isa = PBXBuildFile; fileRef = 5253442B275360D000C439AC /* M_ㄜ.mp3 */; };
		52534451275360D100C439AC /* M_ㄛ.mp3 in Resources */ = {isa = PBXBuildFile; fileRef = 5253442C275360D000C439AC /* M_ㄛ.mp3 */; };
		52534452275360D100C439AC /* M_ㄚ.mp3 in Resources */ = {isa = PBXBuildFile; fileRef = 5253442D275360D000C439AC /* M_ㄚ.mp3 */; };
		52534453275360D100C439AC /* M_ㄗ.mp3 in Resources */ = {isa = PBXBuildFile; fileRef = 5253442E275360D000C439AC /* M_ㄗ.mp3 */; };
		52534454275360D100C439AC /* M_ㄋ.mp3 in Resources */ = {isa = PBXBuildFile; fileRef = 5253442F275360D000C439AC /* M_ㄋ.mp3 */; };
		52534455275360D100C439AC /* M_ㄔ.mp3 in Resources */ = {isa = PBXBuildFile; fileRef = 52534430275360D100C439AC /* M_ㄔ.mp3 */; };
		52534456275360D100C439AC /* M_ㄍ.mp3 in Resources */ = {isa = PBXBuildFile; fileRef = 52534431275360D100C439AC /* M_ㄍ.mp3 */; };
		52534457275360D100C439AC /* M_ㄞ.mp3 in Resources */ = {isa = PBXBuildFile; fileRef = 52534432275360D100C439AC /* M_ㄞ.mp3 */; };
		52534458275360D100C439AC /* M_ㄠ.mp3 in Resources */ = {isa = PBXBuildFile; fileRef = 52534433275360D100C439AC /* M_ㄠ.mp3 */; };
		52534459275360D100C439AC /* M_ㄢ.mp3 in Resources */ = {isa = PBXBuildFile; fileRef = 52534434275360D100C439AC /* M_ㄢ.mp3 */; };
		5253445A275360D100C439AC /* M_ㄏ.mp3 in Resources */ = {isa = PBXBuildFile; fileRef = 52534435275360D100C439AC /* M_ㄏ.mp3 */; };
		5253445B275360D100C439AC /* M_ㄌ.mp3 in Resources */ = {isa = PBXBuildFile; fileRef = 52534436275360D100C439AC /* M_ㄌ.mp3 */; };
		5253445C275360D100C439AC /* M_ㄘ.mp3 in Resources */ = {isa = PBXBuildFile; fileRef = 52534437275360D100C439AC /* M_ㄘ.mp3 */; };
		5253445D275360D100C439AC /* M_ㄓ.mp3 in Resources */ = {isa = PBXBuildFile; fileRef = 52534438275360D100C439AC /* M_ㄓ.mp3 */; };
		5253445E275360D100C439AC /* M_ㄝ.mp3 in Resources */ = {isa = PBXBuildFile; fileRef = 52534439275360D100C439AC /* M_ㄝ.mp3 */; };
		5253445F275360D100C439AC /* M_ㄨ.mp3 in Resources */ = {isa = PBXBuildFile; fileRef = 5253443A275360D100C439AC /* M_ㄨ.mp3 */; };
		52534460275360D100C439AC /* M_ㄣ.mp3 in Resources */ = {isa = PBXBuildFile; fileRef = 5253443B275360D100C439AC /* M_ㄣ.mp3 */; };
		52534461275360D100C439AC /* M_ㄐ.mp3 in Resources */ = {isa = PBXBuildFile; fileRef = 5253443C275360D100C439AC /* M_ㄐ.mp3 */; };
		52534462275360D100C439AC /* M_ㄧ.mp3 in Resources */ = {isa = PBXBuildFile; fileRef = 5253443D275360D100C439AC /* M_ㄧ.mp3 */; };
		52534463275360D100C439AC /* M_ㄩ.mp3 in Resources */ = {isa = PBXBuildFile; fileRef = 5253443E275360D100C439AC /* M_ㄩ.mp3 */; };
		52534464275360D100C439AC /* M_ㄉ.mp3 in Resources */ = {isa = PBXBuildFile; fileRef = 5253443F275360D100C439AC /* M_ㄉ.mp3 */; };
		52534465275360D100C439AC /* M_ㄖ.mp3 in Resources */ = {isa = PBXBuildFile; fileRef = 52534440275360D100C439AC /* M_ㄖ.mp3 */; };
		52534466275360D100C439AC /* M_ㄙ.mp3 in Resources */ = {isa = PBXBuildFile; fileRef = 52534441275360D100C439AC /* M_ㄙ.mp3 */; };
		52534467275360D100C439AC /* M_ㄎ.mp3 in Resources */ = {isa = PBXBuildFile; fileRef = 52534442275360D100C439AC /* M_ㄎ.mp3 */; };
		52534468275360D100C439AC /* M_ㄈ.mp3 in Resources */ = {isa = PBXBuildFile; fileRef = 52534443275360D100C439AC /* M_ㄈ.mp3 */; };
		52534469275360D100C439AC /* M_ㄑ.mp3 in Resources */ = {isa = PBXBuildFile; fileRef = 52534444275360D100C439AC /* M_ㄑ.mp3 */; };
		5253446A275360D100C439AC /* M_ㄇ.mp3 in Resources */ = {isa = PBXBuildFile; fileRef = 52534445275360D100C439AC /* M_ㄇ.mp3 */; };
		5253446B275360D100C439AC /* M_ㄕ.mp3 in Resources */ = {isa = PBXBuildFile; fileRef = 52534446275360D100C439AC /* M_ㄕ.mp3 */; };
		5253446C275360D100C439AC /* M_ㄤ.mp3 in Resources */ = {isa = PBXBuildFile; fileRef = 52534447275360D100C439AC /* M_ㄤ.mp3 */; };
		5253446D275360D100C439AC /* M_ㄒ.mp3 in Resources */ = {isa = PBXBuildFile; fileRef = 52534448275360D100C439AC /* M_ㄒ.mp3 */; };
		5253446E275360D100C439AC /* M_ㄆ.mp3 in Resources */ = {isa = PBXBuildFile; fileRef = 52534449275360D100C439AC /* M_ㄆ.mp3 */; };
		5253446F275360D100C439AC /* M_ㄦ.mp3 in Resources */ = {isa = PBXBuildFile; fileRef = 5253444A275360D100C439AC /* M_ㄦ.mp3 */; };
		52C479AD26AB886900E3540F /* SettingsView.swift in Sources */ = {isa = PBXBuildFile; fileRef = 52C479AC26AB886900E3540F /* SettingsView.swift */; };
		52D43812282BD12700FFCAEB /* SoundManager.swift in Sources */ = {isa = PBXBuildFile; fileRef = 52D43811282BD12700FFCAEB /* SoundManager.swift */; };
		52D43814282BD15C00FFCAEB /* Constants.swift in Sources */ = {isa = PBXBuildFile; fileRef = 52D43813282BD15C00FFCAEB /* Constants.swift */; };
		52D43816282BD67200FFCAEB /* ZhuyinViewModel.swift in Sources */ = {isa = PBXBuildFile; fileRef = 52D43815282BD67200FFCAEB /* ZhuyinViewModel.swift */; };
/* End PBXBuildFile section */

/* Begin PBXContainerItemProxy section */
		07E7D278292908FD005393AE /* PBXContainerItemProxy */ = {
			isa = PBXContainerItemProxy;
			containerPortal = 5237C16A26A5CB3E00C7BC56 /* Project object */;
			proxyType = 1;
			remoteGlobalIDString = 07E7D272292908FD005393AE;
			remoteInfo = OneSignalNotificationServiceExtension;
		};
/* End PBXContainerItemProxy section */

/* Begin PBXCopyFilesBuildPhase section */
		07E7D27B292908FD005393AE /* Embed Foundation Extensions */ = {
			isa = PBXCopyFilesBuildPhase;
			buildActionMask = 2147483647;
			dstPath = "";
			dstSubfolderSpec = 13;
			files = (
				07E7D27A292908FD005393AE /* OneSignalNotificationServiceExtension.appex in Embed Foundation Extensions */,
			);
			name = "Embed Foundation Extensions";
			runOnlyForDeploymentPostprocessing = 0;
		};
/* End PBXCopyFilesBuildPhase section */

/* Begin PBXFileReference section */
		0702FF8C288D5FB600D78BF6 /* ReviewManager.swift */ = {isa = PBXFileReference; lastKnownFileType = sourcecode.swift; path = ReviewManager.swift; sourceTree = "<group>"; };
		070D525E28C5D76500CDA918 /* AppDelegate.swift */ = {isa = PBXFileReference; lastKnownFileType = sourcecode.swift; path = AppDelegate.swift; sourceTree = "<group>"; };
		070D526028C5D7E400CDA918 /* FirebaseProvider */ = {isa = PBXFileReference; lastKnownFileType = wrapper; path = FirebaseProvider; sourceTree = "<group>"; };
		070D526128C5DAAE00CDA918 /* CoreBopomofoStudio */ = {isa = PBXFileReference; lastKnownFileType = wrapper; path = CoreBopomofoStudio; sourceTree = "<group>"; };
		070D526228C5DCCD00CDA918 /* Router.swift */ = {isa = PBXFileReference; lastKnownFileType = sourcecode.swift; path = Router.swift; sourceTree = "<group>"; };
		07248DE528C5E287003FE4AB /* SettingsViewModel.swift */ = {isa = PBXFileReference; lastKnownFileType = sourcecode.swift; path = SettingsViewModel.swift; sourceTree = "<group>"; };
		07248DE728C5E6B3003FE4AB /* MockProvider */ = {isa = PBXFileReference; lastKnownFileType = wrapper; path = MockProvider; sourceTree = "<group>"; };
		07248DEA28C637D7003FE4AB /* ContentPreviewViewModel.swift */ = {isa = PBXFileReference; lastKnownFileType = sourcecode.swift; path = ContentPreviewViewModel.swift; sourceTree = "<group>"; };
		07248DF128C65141003FE4AB /* GoogleService-Info.naquinojr.Bopomofo-Studio.plist */ = {isa = PBXFileReference; fileEncoding = 4; lastKnownFileType = text.plist.xml; path = "GoogleService-Info.naquinojr.Bopomofo-Studio.plist"; sourceTree = "<group>"; };
		072518F2293CADBC00977A75 /* HeroCellViewModel.swift */ = {isa = PBXFileReference; lastKnownFileType = sourcecode.swift; path = HeroCellViewModel.swift; sourceTree = "<group>"; };
		072518F6293D2F3500977A75 /* Strings+Extension.swift */ = {isa = PBXFileReference; lastKnownFileType = sourcecode.swift; path = "Strings+Extension.swift"; sourceTree = "<group>"; };
		072518F9293D30A600977A75 /* LanguageHelper.swift */ = {isa = PBXFileReference; lastKnownFileType = sourcecode.swift; path = LanguageHelper.swift; sourceTree = "<group>"; };
		072518FB293D4BE700977A75 /* HomeCategoryCellView.swift */ = {isa = PBXFileReference; lastKnownFileType = sourcecode.swift; path = HomeCategoryCellView.swift; sourceTree = "<group>"; };
		072518FD293D4BF100977A75 /* HomeCategoryCellViewModel.swift */ = {isa = PBXFileReference; lastKnownFileType = sourcecode.swift; path = HomeCategoryCellViewModel.swift; sourceTree = "<group>"; };
		07251902293F42C500977A75 /* TextField+Extensions.swift */ = {isa = PBXFileReference; lastKnownFileType = sourcecode.swift; path = "TextField+Extensions.swift"; sourceTree = "<group>"; };
		073313B92933313C0053F290 /* FeedbackSheet.swift */ = {isa = PBXFileReference; lastKnownFileType = sourcecode.swift; path = FeedbackSheet.swift; sourceTree = "<group>"; };
		075EF75E2AF08CF400684ACE /* ChatGPTAIProvider */ = {isa = PBXFileReference; lastKnownFileType = wrapper; path = ChatGPTAIProvider; sourceTree = "<group>"; };
		07729E9D2A9F05000015BE3B /* StatisticsView.swift */ = {isa = PBXFileReference; lastKnownFileType = sourcecode.swift; path = StatisticsView.swift; sourceTree = "<group>"; };
		07729EA02A9F05AC0015BE3B /* StatisticsViewModel.swift */ = {isa = PBXFileReference; lastKnownFileType = sourcecode.swift; path = StatisticsViewModel.swift; sourceTree = "<group>"; };
		07A4DE7929212A6D00D31402 /* PreviewProvider+Extensions.swift */ = {isa = PBXFileReference; lastKnownFileType = sourcecode.swift; path = "PreviewProvider+Extensions.swift"; sourceTree = "<group>"; };
		07A4DE7B292199C000D31402 /* Bopomofo Studio.entitlements */ = {isa = PBXFileReference; lastKnownFileType = text.plist.entitlements; path = "Bopomofo Studio.entitlements"; sourceTree = "<group>"; };
		07AE37A22939FB0800ECDA2F /* FlashcardView.swift */ = {isa = PBXFileReference; lastKnownFileType = sourcecode.swift; path = FlashcardView.swift; sourceTree = "<group>"; };
		07AE37A42939FB1600ECDA2F /* FlashcardViewModel.swift */ = {isa = PBXFileReference; lastKnownFileType = sourcecode.swift; path = FlashcardViewModel.swift; sourceTree = "<group>"; };
		07B653A428C5CCA70036A1E6 /* Localizable.strings */ = {isa = PBXFileReference; lastKnownFileType = text.plist.strings; path = Localizable.strings; sourceTree = "<group>"; };
		07BB8BAD292A456800B2CE7C /* MainView.swift */ = {isa = PBXFileReference; lastKnownFileType = sourcecode.swift; path = MainView.swift; sourceTree = "<group>"; };
		07D1289329309D150011CFD9 /* OnboardingViewModel.swift */ = {isa = PBXFileReference; lastKnownFileType = sourcecode.swift; path = OnboardingViewModel.swift; sourceTree = "<group>"; };
		07D1289529309D1D0011CFD9 /* OnboardingView.swift */ = {isa = PBXFileReference; lastKnownFileType = sourcecode.swift; path = OnboardingView.swift; sourceTree = "<group>"; };
		07D1289929309E940011CFD9 /* OnboardingSlide.swift */ = {isa = PBXFileReference; lastKnownFileType = sourcecode.swift; path = OnboardingSlide.swift; sourceTree = "<group>"; };
		07D1289B2930B46A0011CFD9 /* TestContentCell.swift */ = {isa = PBXFileReference; lastKnownFileType = sourcecode.swift; path = TestContentCell.swift; sourceTree = "<group>"; };
		07D1289D2931F2310011CFD9 /* UserDefaults+Extensions.swift */ = {isa = PBXFileReference; lastKnownFileType = sourcecode.swift; path = "UserDefaults+Extensions.swift"; sourceTree = "<group>"; };
		07D128A02931F4D10011CFD9 /* DeveloperControlsView.swift */ = {isa = PBXFileReference; lastKnownFileType = sourcecode.swift; path = DeveloperControlsView.swift; sourceTree = "<group>"; };
		07D128A22931F4DC0011CFD9 /* DeveloperControlsViewModel.swift */ = {isa = PBXFileReference; lastKnownFileType = sourcecode.swift; path = DeveloperControlsViewModel.swift; sourceTree = "<group>"; };
		07DFD73A29210FF200C23485 /* MixpanelProvider */ = {isa = PBXFileReference; lastKnownFileType = wrapper; path = MixpanelProvider; sourceTree = "<group>"; };
		07DFD73F292117BA00C23485 /* EnvironmentKeys.swift */ = {isa = PBXFileReference; lastKnownFileType = sourcecode.swift; path = EnvironmentKeys.swift; sourceTree = "<group>"; };
		07DFD743292118C300C23485 /* Staging.xcconfig */ = {isa = PBXFileReference; lastKnownFileType = text.xcconfig; path = Staging.xcconfig; sourceTree = "<group>"; };
		07DFD745292118CE00C23485 /* Release.xcconfig */ = {isa = PBXFileReference; lastKnownFileType = text.xcconfig; path = Release.xcconfig; sourceTree = "<group>"; };
		07E7D273292908FD005393AE /* OneSignalNotificationServiceExtension.appex */ = {isa = PBXFileReference; explicitFileType = "wrapper.app-extension"; includeInIndex = 0; path = OneSignalNotificationServiceExtension.appex; sourceTree = BUILT_PRODUCTS_DIR; };
		07E7D275292908FD005393AE /* NotificationService.swift */ = {isa = PBXFileReference; lastKnownFileType = sourcecode.swift; path = NotificationService.swift; sourceTree = "<group>"; };
		07E7D277292908FD005393AE /* Info.plist */ = {isa = PBXFileReference; lastKnownFileType = text.plist.xml; path = Info.plist; sourceTree = "<group>"; };
		07E7D283292909BF005393AE /* OneSignalNotificationServiceExtension.entitlements */ = {isa = PBXFileReference; lastKnownFileType = text.plist.entitlements; path = OneSignalNotificationServiceExtension.entitlements; sourceTree = "<group>"; };
		07E7D28429291685005393AE /* GoogleService-Info.naquinojr.Bopomofo-Studio.staging.plist */ = {isa = PBXFileReference; fileEncoding = 4; lastKnownFileType = text.plist.xml; path = "GoogleService-Info.naquinojr.Bopomofo-Studio.staging.plist"; sourceTree = "<group>"; };
		07FB8484293C8456001181A7 /* HomeViewModel.swift */ = {isa = PBXFileReference; lastKnownFileType = sourcecode.swift; path = HomeViewModel.swift; sourceTree = "<group>"; };
		07FB8486293C845C001181A7 /* HomeView.swift */ = {isa = PBXFileReference; lastKnownFileType = sourcecode.swift; path = HomeView.swift; sourceTree = "<group>"; };
		07FB8488293C9AD8001181A7 /* HeroCellView.swift */ = {isa = PBXFileReference; lastKnownFileType = sourcecode.swift; path = HeroCellView.swift; sourceTree = "<group>"; };
		5215400A279F79B100CDD9FB /* ContentPreviewView.swift */ = {isa = PBXFileReference; lastKnownFileType = sourcecode.swift; path = ContentPreviewView.swift; sourceTree = "<group>"; };
		522D4F3026D1805500578A82 /* Assets.xcassets */ = {isa = PBXFileReference; lastKnownFileType = folder.assetcatalog; path = Assets.xcassets; sourceTree = "<group>"; };
		5237C17226A5CB3E00C7BC56 /* Bopomofo Studio.app */ = {isa = PBXFileReference; explicitFileType = wrapper.application; includeInIndex = 0; path = "Bopomofo Studio.app"; sourceTree = BUILT_PRODUCTS_DIR; };
		5237C17526A5CB3E00C7BC56 /* Bopomofo Studio.swift */ = {isa = PBXFileReference; lastKnownFileType = sourcecode.swift; path = "Bopomofo Studio.swift"; sourceTree = "<group>"; };
		5237C17E26A5CB4000C7BC56 /* Info.plist */ = {isa = PBXFileReference; lastKnownFileType = text.plist.xml; path = Info.plist; sourceTree = "<group>"; };
		5237C1A026A5CC0800C7BC56 /* ZhuyinTestView.swift */ = {isa = PBXFileReference; lastKnownFileType = sourcecode.swift; path = ZhuyinTestView.swift; sourceTree = "<group>"; };
		5246F5252837A2F7006D0A10 /* Launch Screen.storyboard */ = {isa = PBXFileReference; lastKnownFileType = file.storyboard; path = "Launch Screen.storyboard"; sourceTree = "<group>"; };
		5253431A2751026400C439AC /* ding.mp3 */ = {isa = PBXFileReference; lastKnownFileType = audio.mp3; path = ding.mp3; sourceTree = "<group>"; };
		5253431C275102F300C439AC /* bonk.mp3 */ = {isa = PBXFileReference; lastKnownFileType = audio.mp3; path = bonk.mp3; sourceTree = "<group>"; };
		5253431E2751034A00C439AC /* eng.mp3 */ = {isa = PBXFileReference; lastKnownFileType = audio.mp3; path = eng.mp3; sourceTree = "<group>"; };
		525343DB27521DD900C439AC /* F_ㄉ.mp3 */ = {isa = PBXFileReference; lastKnownFileType = audio.mp3; path = "F_ㄉ.mp3"; sourceTree = "<group>"; };
		525343DC27521DD900C439AC /* F_ㄚ.mp3 */ = {isa = PBXFileReference; lastKnownFileType = audio.mp3; path = "F_ㄚ.mp3"; sourceTree = "<group>"; };
		525343DD27521DD900C439AC /* F_ㄖ.mp3 */ = {isa = PBXFileReference; lastKnownFileType = audio.mp3; path = "F_ㄖ.mp3"; sourceTree = "<group>"; };
		525343DE27521DD900C439AC /* F_ㄒ.mp3 */ = {isa = PBXFileReference; lastKnownFileType = audio.mp3; path = "F_ㄒ.mp3"; sourceTree = "<group>"; };
		525343DF27521DD900C439AC /* F_ㄦ.mp3 */ = {isa = PBXFileReference; lastKnownFileType = audio.mp3; path = "F_ㄦ.mp3"; sourceTree = "<group>"; };
		525343E027521DD900C439AC /* F_ㄞ.mp3 */ = {isa = PBXFileReference; lastKnownFileType = audio.mp3; path = "F_ㄞ.mp3"; sourceTree = "<group>"; };
		525343E127521DD900C439AC /* F_ㄈ.mp3 */ = {isa = PBXFileReference; lastKnownFileType = audio.mp3; path = "F_ㄈ.mp3"; sourceTree = "<group>"; };
		525343E227521DD900C439AC /* F_ㄥ.mp3 */ = {isa = PBXFileReference; lastKnownFileType = audio.mp3; path = "F_ㄥ.mp3"; sourceTree = "<group>"; };
		525343E327521DD900C439AC /* F_ㄔ.mp3 */ = {isa = PBXFileReference; lastKnownFileType = audio.mp3; path = "F_ㄔ.mp3"; sourceTree = "<group>"; };
		525343E427521DD900C439AC /* F_ㄆ.mp3 */ = {isa = PBXFileReference; lastKnownFileType = audio.mp3; path = "F_ㄆ.mp3"; sourceTree = "<group>"; };
		525343E527521DD900C439AC /* F_ㄤ.mp3 */ = {isa = PBXFileReference; lastKnownFileType = audio.mp3; path = "F_ㄤ.mp3"; sourceTree = "<group>"; };
		525343E627521DD900C439AC /* F_ㄕ.mp3 */ = {isa = PBXFileReference; lastKnownFileType = audio.mp3; path = "F_ㄕ.mp3"; sourceTree = "<group>"; };
		525343E727521DD900C439AC /* F_ㄠ.mp3 */ = {isa = PBXFileReference; lastKnownFileType = audio.mp3; path = "F_ㄠ.mp3"; sourceTree = "<group>"; };
		525343E827521DD900C439AC /* F_ㄑ.mp3 */ = {isa = PBXFileReference; lastKnownFileType = audio.mp3; path = "F_ㄑ.mp3"; sourceTree = "<group>"; };
		525343E927521DD900C439AC /* F_ㄐ.mp3 */ = {isa = PBXFileReference; lastKnownFileType = audio.mp3; path = "F_ㄐ.mp3"; sourceTree = "<group>"; };
		525343EA27521DD900C439AC /* F_ㄇ.mp3 */ = {isa = PBXFileReference; lastKnownFileType = audio.mp3; path = "F_ㄇ.mp3"; sourceTree = "<group>"; };
		525343EB27521DD900C439AC /* F_ㄏ.mp3 */ = {isa = PBXFileReference; lastKnownFileType = audio.mp3; path = "F_ㄏ.mp3"; sourceTree = "<group>"; };
		525343EC27521DD900C439AC /* F_ㄊ.mp3 */ = {isa = PBXFileReference; lastKnownFileType = audio.mp3; path = "F_ㄊ.mp3"; sourceTree = "<group>"; };
		525343ED27521DD900C439AC /* F_ㄡ.mp3 */ = {isa = PBXFileReference; lastKnownFileType = audio.mp3; path = "F_ㄡ.mp3"; sourceTree = "<group>"; };
		525343EE27521DD900C439AC /* F_ㄨ.mp3 */ = {isa = PBXFileReference; lastKnownFileType = audio.mp3; path = "F_ㄨ.mp3"; sourceTree = "<group>"; };
		525343EF27521DD900C439AC /* F_ㄝ.mp3 */ = {isa = PBXFileReference; lastKnownFileType = audio.mp3; path = "F_ㄝ.mp3"; sourceTree = "<group>"; };
		525343F027521DDA00C439AC /* F_ㄢ.mp3 */ = {isa = PBXFileReference; lastKnownFileType = audio.mp3; path = "F_ㄢ.mp3"; sourceTree = "<group>"; };
		525343F127521DDA00C439AC /* F_ㄘ.mp3 */ = {isa = PBXFileReference; lastKnownFileType = audio.mp3; path = "F_ㄘ.mp3"; sourceTree = "<group>"; };
		525343F227521DDA00C439AC /* F_ㄌ.mp3 */ = {isa = PBXFileReference; lastKnownFileType = audio.mp3; path = "F_ㄌ.mp3"; sourceTree = "<group>"; };
		525343F327521DDA00C439AC /* F_ㄓ.mp3 */ = {isa = PBXFileReference; lastKnownFileType = audio.mp3; path = "F_ㄓ.mp3"; sourceTree = "<group>"; };
		525343F427521DDA00C439AC /* F_ㄗ.mp3 */ = {isa = PBXFileReference; lastKnownFileType = audio.mp3; path = "F_ㄗ.mp3"; sourceTree = "<group>"; };
		525343F527521DDA00C439AC /* F_ㄙ.mp3 */ = {isa = PBXFileReference; lastKnownFileType = audio.mp3; path = "F_ㄙ.mp3"; sourceTree = "<group>"; };
		525343F627521DDA00C439AC /* F_ㄍ.mp3 */ = {isa = PBXFileReference; lastKnownFileType = audio.mp3; path = "F_ㄍ.mp3"; sourceTree = "<group>"; };
		525343F727521DDA00C439AC /* F_ㄅ.mp3 */ = {isa = PBXFileReference; lastKnownFileType = audio.mp3; path = "F_ㄅ.mp3"; sourceTree = "<group>"; };
		525343F827521DDA00C439AC /* F_ㄜ.mp3 */ = {isa = PBXFileReference; lastKnownFileType = audio.mp3; path = "F_ㄜ.mp3"; sourceTree = "<group>"; };
		525343F927521DDA00C439AC /* F_ㄩ.mp3 */ = {isa = PBXFileReference; lastKnownFileType = audio.mp3; path = "F_ㄩ.mp3"; sourceTree = "<group>"; };
		525343FA27521DDA00C439AC /* F_ㄎ.mp3 */ = {isa = PBXFileReference; lastKnownFileType = audio.mp3; path = "F_ㄎ.mp3"; sourceTree = "<group>"; };
		525343FB27521DDA00C439AC /* F_ㄋ.mp3 */ = {isa = PBXFileReference; lastKnownFileType = audio.mp3; path = "F_ㄋ.mp3"; sourceTree = "<group>"; };
		525343FC27521DDA00C439AC /* F_ㄧ.mp3 */ = {isa = PBXFileReference; lastKnownFileType = audio.mp3; path = "F_ㄧ.mp3"; sourceTree = "<group>"; };
		525343FD27521DDA00C439AC /* F_ㄣ.mp3 */ = {isa = PBXFileReference; lastKnownFileType = audio.mp3; path = "F_ㄣ.mp3"; sourceTree = "<group>"; };
		525343FE27521DDA00C439AC /* F_ㄟ.mp3 */ = {isa = PBXFileReference; lastKnownFileType = audio.mp3; path = "F_ㄟ.mp3"; sourceTree = "<group>"; };
		525343FF27521DDA00C439AC /* F_ㄛ.mp3 */ = {isa = PBXFileReference; lastKnownFileType = audio.mp3; path = "F_ㄛ.mp3"; sourceTree = "<group>"; };
		52534426275360D000C439AC /* M_ㄊ.mp3 */ = {isa = PBXFileReference; lastKnownFileType = audio.mp3; path = "M_ㄊ.mp3"; sourceTree = "<group>"; };
		52534427275360D000C439AC /* M_ㄥ.mp3 */ = {isa = PBXFileReference; lastKnownFileType = audio.mp3; path = "M_ㄥ.mp3"; sourceTree = "<group>"; };
		52534428275360D000C439AC /* M_ㄅ.mp3 */ = {isa = PBXFileReference; lastKnownFileType = audio.mp3; path = "M_ㄅ.mp3"; sourceTree = "<group>"; };
		52534429275360D000C439AC /* M_ㄡ.mp3 */ = {isa = PBXFileReference; lastKnownFileType = audio.mp3; path = "M_ㄡ.mp3"; sourceTree = "<group>"; };
		5253442A275360D000C439AC /* M_ㄟ.mp3 */ = {isa = PBXFileReference; lastKnownFileType = audio.mp3; path = "M_ㄟ.mp3"; sourceTree = "<group>"; };
		5253442B275360D000C439AC /* M_ㄜ.mp3 */ = {isa = PBXFileReference; lastKnownFileType = audio.mp3; path = "M_ㄜ.mp3"; sourceTree = "<group>"; };
		5253442C275360D000C439AC /* M_ㄛ.mp3 */ = {isa = PBXFileReference; lastKnownFileType = audio.mp3; path = "M_ㄛ.mp3"; sourceTree = "<group>"; };
		5253442D275360D000C439AC /* M_ㄚ.mp3 */ = {isa = PBXFileReference; lastKnownFileType = audio.mp3; path = "M_ㄚ.mp3"; sourceTree = "<group>"; };
		5253442E275360D000C439AC /* M_ㄗ.mp3 */ = {isa = PBXFileReference; lastKnownFileType = audio.mp3; path = "M_ㄗ.mp3"; sourceTree = "<group>"; };
		5253442F275360D000C439AC /* M_ㄋ.mp3 */ = {isa = PBXFileReference; lastKnownFileType = audio.mp3; path = "M_ㄋ.mp3"; sourceTree = "<group>"; };
		52534430275360D100C439AC /* M_ㄔ.mp3 */ = {isa = PBXFileReference; lastKnownFileType = audio.mp3; path = "M_ㄔ.mp3"; sourceTree = "<group>"; };
		52534431275360D100C439AC /* M_ㄍ.mp3 */ = {isa = PBXFileReference; lastKnownFileType = audio.mp3; path = "M_ㄍ.mp3"; sourceTree = "<group>"; };
		52534432275360D100C439AC /* M_ㄞ.mp3 */ = {isa = PBXFileReference; lastKnownFileType = audio.mp3; path = "M_ㄞ.mp3"; sourceTree = "<group>"; };
		52534433275360D100C439AC /* M_ㄠ.mp3 */ = {isa = PBXFileReference; lastKnownFileType = audio.mp3; path = "M_ㄠ.mp3"; sourceTree = "<group>"; };
		52534434275360D100C439AC /* M_ㄢ.mp3 */ = {isa = PBXFileReference; lastKnownFileType = audio.mp3; path = "M_ㄢ.mp3"; sourceTree = "<group>"; };
		52534435275360D100C439AC /* M_ㄏ.mp3 */ = {isa = PBXFileReference; lastKnownFileType = audio.mp3; path = "M_ㄏ.mp3"; sourceTree = "<group>"; };
		52534436275360D100C439AC /* M_ㄌ.mp3 */ = {isa = PBXFileReference; lastKnownFileType = audio.mp3; path = "M_ㄌ.mp3"; sourceTree = "<group>"; };
		52534437275360D100C439AC /* M_ㄘ.mp3 */ = {isa = PBXFileReference; lastKnownFileType = audio.mp3; path = "M_ㄘ.mp3"; sourceTree = "<group>"; };
		52534438275360D100C439AC /* M_ㄓ.mp3 */ = {isa = PBXFileReference; lastKnownFileType = audio.mp3; path = "M_ㄓ.mp3"; sourceTree = "<group>"; };
		52534439275360D100C439AC /* M_ㄝ.mp3 */ = {isa = PBXFileReference; lastKnownFileType = audio.mp3; path = "M_ㄝ.mp3"; sourceTree = "<group>"; };
		5253443A275360D100C439AC /* M_ㄨ.mp3 */ = {isa = PBXFileReference; lastKnownFileType = audio.mp3; path = "M_ㄨ.mp3"; sourceTree = "<group>"; };
		5253443B275360D100C439AC /* M_ㄣ.mp3 */ = {isa = PBXFileReference; lastKnownFileType = audio.mp3; path = "M_ㄣ.mp3"; sourceTree = "<group>"; };
		5253443C275360D100C439AC /* M_ㄐ.mp3 */ = {isa = PBXFileReference; lastKnownFileType = audio.mp3; path = "M_ㄐ.mp3"; sourceTree = "<group>"; };
		5253443D275360D100C439AC /* M_ㄧ.mp3 */ = {isa = PBXFileReference; lastKnownFileType = audio.mp3; path = "M_ㄧ.mp3"; sourceTree = "<group>"; };
		5253443E275360D100C439AC /* M_ㄩ.mp3 */ = {isa = PBXFileReference; lastKnownFileType = audio.mp3; path = "M_ㄩ.mp3"; sourceTree = "<group>"; };
		5253443F275360D100C439AC /* M_ㄉ.mp3 */ = {isa = PBXFileReference; lastKnownFileType = audio.mp3; path = "M_ㄉ.mp3"; sourceTree = "<group>"; };
		52534440275360D100C439AC /* M_ㄖ.mp3 */ = {isa = PBXFileReference; lastKnownFileType = audio.mp3; path = "M_ㄖ.mp3"; sourceTree = "<group>"; };
		52534441275360D100C439AC /* M_ㄙ.mp3 */ = {isa = PBXFileReference; lastKnownFileType = audio.mp3; path = "M_ㄙ.mp3"; sourceTree = "<group>"; };
		52534442275360D100C439AC /* M_ㄎ.mp3 */ = {isa = PBXFileReference; lastKnownFileType = audio.mp3; path = "M_ㄎ.mp3"; sourceTree = "<group>"; };
		52534443275360D100C439AC /* M_ㄈ.mp3 */ = {isa = PBXFileReference; lastKnownFileType = audio.mp3; path = "M_ㄈ.mp3"; sourceTree = "<group>"; };
		52534444275360D100C439AC /* M_ㄑ.mp3 */ = {isa = PBXFileReference; lastKnownFileType = audio.mp3; path = "M_ㄑ.mp3"; sourceTree = "<group>"; };
		52534445275360D100C439AC /* M_ㄇ.mp3 */ = {isa = PBXFileReference; lastKnownFileType = audio.mp3; path = "M_ㄇ.mp3"; sourceTree = "<group>"; };
		52534446275360D100C439AC /* M_ㄕ.mp3 */ = {isa = PBXFileReference; lastKnownFileType = audio.mp3; path = "M_ㄕ.mp3"; sourceTree = "<group>"; };
		52534447275360D100C439AC /* M_ㄤ.mp3 */ = {isa = PBXFileReference; lastKnownFileType = audio.mp3; path = "M_ㄤ.mp3"; sourceTree = "<group>"; };
		52534448275360D100C439AC /* M_ㄒ.mp3 */ = {isa = PBXFileReference; lastKnownFileType = audio.mp3; path = "M_ㄒ.mp3"; sourceTree = "<group>"; };
		52534449275360D100C439AC /* M_ㄆ.mp3 */ = {isa = PBXFileReference; lastKnownFileType = audio.mp3; path = "M_ㄆ.mp3"; sourceTree = "<group>"; };
		5253444A275360D100C439AC /* M_ㄦ.mp3 */ = {isa = PBXFileReference; lastKnownFileType = audio.mp3; path = "M_ㄦ.mp3"; sourceTree = "<group>"; };
		52C479AC26AB886900E3540F /* SettingsView.swift */ = {isa = PBXFileReference; lastKnownFileType = sourcecode.swift; path = SettingsView.swift; sourceTree = "<group>"; };
		52D43811282BD12700FFCAEB /* SoundManager.swift */ = {isa = PBXFileReference; lastKnownFileType = sourcecode.swift; path = SoundManager.swift; sourceTree = "<group>"; };
		52D43813282BD15C00FFCAEB /* Constants.swift */ = {isa = PBXFileReference; lastKnownFileType = sourcecode.swift; path = Constants.swift; sourceTree = "<group>"; };
		52D43815282BD67200FFCAEB /* ZhuyinViewModel.swift */ = {isa = PBXFileReference; lastKnownFileType = sourcecode.swift; path = ZhuyinViewModel.swift; sourceTree = "<group>"; };
/* End PBXFileReference section */

/* Begin PBXFrameworksBuildPhase section */
		07E7D270292908FD005393AE /* Frameworks */ = {
			isa = PBXFrameworksBuildPhase;
			buildActionMask = 2147483647;
			files = (
				070C22442929DDE300A6CED2 /* OneSignal in Frameworks */,
			);
			runOnlyForDeploymentPostprocessing = 0;
		};
		5237C16F26A5CB3E00C7BC56 /* Frameworks */ = {
			isa = PBXFrameworksBuildPhase;
			buildActionMask = 2147483647;
			files = (
				070D526628C5DD5200CDA918 /* CoreBopomofoStudio in Frameworks */,
				07DFD74929211B0900C23485 /* MixpanelProvider in Frameworks */,
				07248DE928C5E890003FE4AB /* MockProvider in Frameworks */,
				075EF7632AF0C17E00684ACE /* ChatGPTAIProvider in Frameworks */,
				07FB8492293C9EC2001181A7 /* NukeUI in Frameworks */,
				07FB848B293C9BD5001181A7 /* FirebaseStorage in Frameworks */,
				07DFD73729210D7C00C23485 /* Mixpanel in Frameworks */,
				072518F5293CC15200977A75 /* FirebaseDatabase in Frameworks */,
				070D525928C5D6EF00CDA918 /* FirebaseAuth in Frameworks */,
				07E7D28829294124005393AE /* OneSignal in Frameworks */,
				070D526828C5DD5500CDA918 /* FirebaseProvider in Frameworks */,
				070D525B28C5D6EF00CDA918 /* FirebaseCrashlytics in Frameworks */,
				070D525D28C5D6EF00CDA918 /* FirebaseFirestore in Frameworks */,
				075EF7612AF0B8BB00684ACE /* Alamofire in Frameworks */,
			);
			runOnlyForDeploymentPostprocessing = 0;
		};
/* End PBXFrameworksBuildPhase section */

/* Begin PBXGroup section */
		072518F8293D308100977A75 /* Helpers */ = {
			isa = PBXGroup;
			children = (
				072518F9293D30A600977A75 /* LanguageHelper.swift */,
			);
			path = Helpers;
			sourceTree = "<group>";
		};
		07729E9F2A9F05070015BE3B /* Statistics */ = {
			isa = PBXGroup;
			children = (
				07729E9D2A9F05000015BE3B /* StatisticsView.swift */,
				07729EA02A9F05AC0015BE3B /* StatisticsViewModel.swift */,
			);
			path = Statistics;
			sourceTree = "<group>";
		};
		0782F0E02920FB2B0080CAAF /* Test */ = {
			isa = PBXGroup;
			children = (
				52D43815282BD67200FFCAEB /* ZhuyinViewModel.swift */,
				5237C1A026A5CC0800C7BC56 /* ZhuyinTestView.swift */,
			);
			path = Test;
			sourceTree = "<group>";
		};
		0782F0E12920FB400080CAAF /* ContentPreview */ = {
			isa = PBXGroup;
			children = (
				07248DEA28C637D7003FE4AB /* ContentPreviewViewModel.swift */,
				5215400A279F79B100CDD9FB /* ContentPreviewView.swift */,
				07D1289B2930B46A0011CFD9 /* TestContentCell.swift */,
			);
			path = ContentPreview;
			sourceTree = "<group>";
		};
		0782F0E22920FB4E0080CAAF /* Settings */ = {
			isa = PBXGroup;
			children = (
				07248DE528C5E287003FE4AB /* SettingsViewModel.swift */,
				52C479AC26AB886900E3540F /* SettingsView.swift */,
			);
			path = Settings;
			sourceTree = "<group>";
		};
		07AE37A12939FAF900ECDA2F /* Flashcard */ = {
			isa = PBXGroup;
			children = (
				07AE37A22939FB0800ECDA2F /* FlashcardView.swift */,
				07AE37A42939FB1600ECDA2F /* FlashcardViewModel.swift */,
			);
			path = Flashcard;
			sourceTree = "<group>";
		};
		07B653A328C5CC440036A1E6 /* Resources */ = {
			isa = PBXGroup;
			children = (
				5253436B2751503900C439AC /* Female BPMF */,
				52C258BC2750D54A002265EB /* Sounds */,
				525344252753606200C439AC /* Male BPMF */,
				52D43813282BD15C00FFCAEB /* Constants.swift */,
				5237C17E26A5CB4000C7BC56 /* Info.plist */,
				522D4F3026D1805500578A82 /* Assets.xcassets */,
				07B653A428C5CCA70036A1E6 /* Localizable.strings */,
				07DFD73F292117BA00C23485 /* EnvironmentKeys.swift */,
				07DFD743292118C300C23485 /* Staging.xcconfig */,
				07DFD745292118CE00C23485 /* Release.xcconfig */,
			);
			path = Resources;
			sourceTree = "<group>";
		};
		07BB8BAC292A455D00B2CE7C /* MainView */ = {
			isa = PBXGroup;
			children = (
				07BB8BAD292A456800B2CE7C /* MainView.swift */,
			);
			path = MainView;
			sourceTree = "<group>";
		};
		07D1289229309D080011CFD9 /* Onboarding */ = {
			isa = PBXGroup;
			children = (
				07D1289329309D150011CFD9 /* OnboardingViewModel.swift */,
				07D1289529309D1D0011CFD9 /* OnboardingView.swift */,
				07D1289929309E940011CFD9 /* OnboardingSlide.swift */,
			);
			path = Onboarding;
			sourceTree = "<group>";
		};
		07D1289F2931F4C00011CFD9 /* DeveloperControls */ = {
			isa = PBXGroup;
			children = (
				07D128A02931F4D10011CFD9 /* DeveloperControlsView.swift */,
				07D128A22931F4DC0011CFD9 /* DeveloperControlsViewModel.swift */,
			);
			path = DeveloperControls;
			sourceTree = "<group>";
		};
		07DFD73929210DB700C23485 /* Screens */ = {
			isa = PBXGroup;
			children = (
				07729E9F2A9F05070015BE3B /* Statistics */,
				07FB8483293C844C001181A7 /* Home */,
				07AE37A12939FAF900ECDA2F /* Flashcard */,
				07D1289F2931F4C00011CFD9 /* DeveloperControls */,
				07D1289229309D080011CFD9 /* Onboarding */,
				07BB8BAC292A455D00B2CE7C /* MainView */,
				0782F0E22920FB4E0080CAAF /* Settings */,
				0782F0E12920FB400080CAAF /* ContentPreview */,
				0782F0E02920FB2B0080CAAF /* Test */,
			);
			path = Screens;
			sourceTree = "<group>";
		};
		07DFD73C292112B000C23485 /* Extensions */ = {
			isa = PBXGroup;
			children = (
				07A4DE7929212A6D00D31402 /* PreviewProvider+Extensions.swift */,
				072518F6293D2F3500977A75 /* Strings+Extension.swift */,
				07251902293F42C500977A75 /* TextField+Extensions.swift */,
				07D1289D2931F2310011CFD9 /* UserDefaults+Extensions.swift */,
			);
			path = Extensions;
			sourceTree = "<group>";
		};
		07DFD74729211B0900C23485 /* Frameworks */ = {
			isa = PBXGroup;
			children = (
			);
			name = Frameworks;
			sourceTree = "<group>";
		};
		07E7D274292908FD005393AE /* OneSignalNotificationServiceExtension */ = {
			isa = PBXGroup;
			children = (
				07E7D283292909BF005393AE /* OneSignalNotificationServiceExtension.entitlements */,
				07E7D275292908FD005393AE /* NotificationService.swift */,
				07E7D277292908FD005393AE /* Info.plist */,
			);
			path = OneSignalNotificationServiceExtension;
			sourceTree = "<group>";
		};
		07FB8483293C844C001181A7 /* Home */ = {
			isa = PBXGroup;
			children = (
				07FB8484293C8456001181A7 /* HomeViewModel.swift */,
				07FB8486293C845C001181A7 /* HomeView.swift */,
				07FB8488293C9AD8001181A7 /* HeroCellView.swift */,
				072518F2293CADBC00977A75 /* HeroCellViewModel.swift */,
				072518FB293D4BE700977A75 /* HomeCategoryCellView.swift */,
				072518FD293D4BF100977A75 /* HomeCategoryCellViewModel.swift */,
				073313B92933313C0053F290 /* FeedbackSheet.swift */,
			);
			path = Home;
			sourceTree = "<group>";
		};
		5237C16926A5CB3E00C7BC56 = {
			isa = PBXGroup;
			children = (
				075EF75E2AF08CF400684ACE /* ChatGPTAIProvider */,
				07DFD73A29210FF200C23485 /* MixpanelProvider */,
				07248DE728C5E6B3003FE4AB /* MockProvider */,
				070D526128C5DAAE00CDA918 /* CoreBopomofoStudio */,
				070D526028C5D7E400CDA918 /* FirebaseProvider */,
				5237C17426A5CB3E00C7BC56 /* Bopomofo Studio */,
				07E7D274292908FD005393AE /* OneSignalNotificationServiceExtension */,
				5237C17326A5CB3E00C7BC56 /* Products */,
				07DFD74729211B0900C23485 /* Frameworks */,
			);
			sourceTree = "<group>";
		};
		5237C17326A5CB3E00C7BC56 /* Products */ = {
			isa = PBXGroup;
			children = (
				5237C17226A5CB3E00C7BC56 /* Bopomofo Studio.app */,
				07E7D273292908FD005393AE /* OneSignalNotificationServiceExtension.appex */,
			);
			name = Products;
			sourceTree = "<group>";
		};
		5237C17426A5CB3E00C7BC56 /* Bopomofo Studio */ = {
			isa = PBXGroup;
			children = (
				07A4DE7B292199C000D31402 /* Bopomofo Studio.entitlements */,
				5237C17526A5CB3E00C7BC56 /* Bopomofo Studio.swift */,
				070D526228C5DCCD00CDA918 /* Router.swift */,
				070D525E28C5D76500CDA918 /* AppDelegate.swift */,
				52D43810282BD10B00FFCAEB /* Managers */,
				07DFD73929210DB700C23485 /* Screens */,
				07B653A328C5CC440036A1E6 /* Resources */,
				07DFD73C292112B000C23485 /* Extensions */,
				072518F8293D308100977A75 /* Helpers */,
				5246F5252837A2F7006D0A10 /* Launch Screen.storyboard */,
				07248DF128C65141003FE4AB /* GoogleService-Info.naquinojr.Bopomofo-Studio.plist */,
				07E7D28429291685005393AE /* GoogleService-Info.naquinojr.Bopomofo-Studio.staging.plist */,
			);
			path = "Bopomofo Studio";
			sourceTree = "<group>";
		};
		5253436B2751503900C439AC /* Female BPMF */ = {
			isa = PBXGroup;
			children = (
				525343F727521DDA00C439AC /* F_ㄅ.mp3 */,
				525343E427521DD900C439AC /* F_ㄆ.mp3 */,
				525343EA27521DD900C439AC /* F_ㄇ.mp3 */,
				525343E127521DD900C439AC /* F_ㄈ.mp3 */,
				525343DB27521DD900C439AC /* F_ㄉ.mp3 */,
				525343EC27521DD900C439AC /* F_ㄊ.mp3 */,
				525343FB27521DDA00C439AC /* F_ㄋ.mp3 */,
				525343F227521DDA00C439AC /* F_ㄌ.mp3 */,
				525343F627521DDA00C439AC /* F_ㄍ.mp3 */,
				525343FA27521DDA00C439AC /* F_ㄎ.mp3 */,
				525343EB27521DD900C439AC /* F_ㄏ.mp3 */,
				525343E927521DD900C439AC /* F_ㄐ.mp3 */,
				525343E827521DD900C439AC /* F_ㄑ.mp3 */,
				525343DE27521DD900C439AC /* F_ㄒ.mp3 */,
				525343F327521DDA00C439AC /* F_ㄓ.mp3 */,
				525343E327521DD900C439AC /* F_ㄔ.mp3 */,
				525343E627521DD900C439AC /* F_ㄕ.mp3 */,
				525343DD27521DD900C439AC /* F_ㄖ.mp3 */,
				525343F427521DDA00C439AC /* F_ㄗ.mp3 */,
				525343F127521DDA00C439AC /* F_ㄘ.mp3 */,
				525343F527521DDA00C439AC /* F_ㄙ.mp3 */,
				525343DC27521DD900C439AC /* F_ㄚ.mp3 */,
				525343FF27521DDA00C439AC /* F_ㄛ.mp3 */,
				525343F827521DDA00C439AC /* F_ㄜ.mp3 */,
				525343EF27521DD900C439AC /* F_ㄝ.mp3 */,
				525343E027521DD900C439AC /* F_ㄞ.mp3 */,
				525343FE27521DDA00C439AC /* F_ㄟ.mp3 */,
				525343E727521DD900C439AC /* F_ㄠ.mp3 */,
				525343ED27521DD900C439AC /* F_ㄡ.mp3 */,
				525343F027521DDA00C439AC /* F_ㄢ.mp3 */,
				525343FD27521DDA00C439AC /* F_ㄣ.mp3 */,
				525343E527521DD900C439AC /* F_ㄤ.mp3 */,
				525343E227521DD900C439AC /* F_ㄥ.mp3 */,
				525343DF27521DD900C439AC /* F_ㄦ.mp3 */,
				525343FC27521DDA00C439AC /* F_ㄧ.mp3 */,
				525343EE27521DD900C439AC /* F_ㄨ.mp3 */,
				525343F927521DDA00C439AC /* F_ㄩ.mp3 */,
			);
			path = "Female BPMF";
			sourceTree = "<group>";
		};
		525344252753606200C439AC /* Male BPMF */ = {
			isa = PBXGroup;
			children = (
				52534428275360D000C439AC /* M_ㄅ.mp3 */,
				52534449275360D100C439AC /* M_ㄆ.mp3 */,
				52534445275360D100C439AC /* M_ㄇ.mp3 */,
				52534443275360D100C439AC /* M_ㄈ.mp3 */,
				5253443F275360D100C439AC /* M_ㄉ.mp3 */,
				52534426275360D000C439AC /* M_ㄊ.mp3 */,
				5253442F275360D000C439AC /* M_ㄋ.mp3 */,
				52534436275360D100C439AC /* M_ㄌ.mp3 */,
				52534431275360D100C439AC /* M_ㄍ.mp3 */,
				52534442275360D100C439AC /* M_ㄎ.mp3 */,
				52534435275360D100C439AC /* M_ㄏ.mp3 */,
				5253443C275360D100C439AC /* M_ㄐ.mp3 */,
				52534444275360D100C439AC /* M_ㄑ.mp3 */,
				52534448275360D100C439AC /* M_ㄒ.mp3 */,
				52534438275360D100C439AC /* M_ㄓ.mp3 */,
				52534430275360D100C439AC /* M_ㄔ.mp3 */,
				52534446275360D100C439AC /* M_ㄕ.mp3 */,
				52534440275360D100C439AC /* M_ㄖ.mp3 */,
				5253442E275360D000C439AC /* M_ㄗ.mp3 */,
				52534437275360D100C439AC /* M_ㄘ.mp3 */,
				52534441275360D100C439AC /* M_ㄙ.mp3 */,
				5253442D275360D000C439AC /* M_ㄚ.mp3 */,
				5253442C275360D000C439AC /* M_ㄛ.mp3 */,
				5253442B275360D000C439AC /* M_ㄜ.mp3 */,
				52534439275360D100C439AC /* M_ㄝ.mp3 */,
				52534432275360D100C439AC /* M_ㄞ.mp3 */,
				5253442A275360D000C439AC /* M_ㄟ.mp3 */,
				52534433275360D100C439AC /* M_ㄠ.mp3 */,
				52534429275360D000C439AC /* M_ㄡ.mp3 */,
				52534434275360D100C439AC /* M_ㄢ.mp3 */,
				5253443B275360D100C439AC /* M_ㄣ.mp3 */,
				52534447275360D100C439AC /* M_ㄤ.mp3 */,
				52534427275360D000C439AC /* M_ㄥ.mp3 */,
				5253444A275360D100C439AC /* M_ㄦ.mp3 */,
				5253443D275360D100C439AC /* M_ㄧ.mp3 */,
				5253443A275360D100C439AC /* M_ㄨ.mp3 */,
				5253443E275360D100C439AC /* M_ㄩ.mp3 */,
			);
			path = "Male BPMF";
			sourceTree = "<group>";
		};
		52C258BC2750D54A002265EB /* Sounds */ = {
			isa = PBXGroup;
			children = (
				5253431E2751034A00C439AC /* eng.mp3 */,
				5253431A2751026400C439AC /* ding.mp3 */,
				5253431C275102F300C439AC /* bonk.mp3 */,
			);
			path = Sounds;
			sourceTree = "<group>";
		};
		52D43810282BD10B00FFCAEB /* Managers */ = {
			isa = PBXGroup;
			children = (
				52D43811282BD12700FFCAEB /* SoundManager.swift */,
				0702FF8C288D5FB600D78BF6 /* ReviewManager.swift */,
			);
			path = Managers;
			sourceTree = "<group>";
		};
/* End PBXGroup section */

/* Begin PBXNativeTarget section */
		07E7D272292908FD005393AE /* OneSignalNotificationServiceExtension */ = {
			isa = PBXNativeTarget;
			buildConfigurationList = 07E7D27F292908FD005393AE /* Build configuration list for PBXNativeTarget "OneSignalNotificationServiceExtension" */;
			buildPhases = (
				07E7D26F292908FD005393AE /* Sources */,
				07E7D270292908FD005393AE /* Frameworks */,
				07E7D271292908FD005393AE /* Resources */,
			);
			buildRules = (
			);
			dependencies = (
			);
			name = OneSignalNotificationServiceExtension;
			packageProductDependencies = (
				070C22432929DDE300A6CED2 /* OneSignal */,
			);
			productName = OneSignalNotificationServiceExtension;
			productReference = 07E7D273292908FD005393AE /* OneSignalNotificationServiceExtension.appex */;
			productType = "com.apple.product-type.app-extension";
		};
		5237C17126A5CB3E00C7BC56 /* Bopomofo Studio */ = {
			isa = PBXNativeTarget;
			buildConfigurationList = 5237C19726A5CB4000C7BC56 /* Build configuration list for PBXNativeTarget "Bopomofo Studio" */;
			buildPhases = (
				5237C16E26A5CB3E00C7BC56 /* Sources */,
				5237C16F26A5CB3E00C7BC56 /* Frameworks */,
				5237C17026A5CB3E00C7BC56 /* Resources */,
				07E7D27B292908FD005393AE /* Embed Foundation Extensions */,
			);
			buildRules = (
			);
			dependencies = (
				07E7D279292908FD005393AE /* PBXTargetDependency */,
			);
			name = "Bopomofo Studio";
			packageProductDependencies = (
				070D525828C5D6EF00CDA918 /* FirebaseAuth */,
				070D525A28C5D6EF00CDA918 /* FirebaseCrashlytics */,
				070D525C28C5D6EF00CDA918 /* FirebaseFirestore */,
				070D526528C5DD5200CDA918 /* CoreBopomofoStudio */,
				070D526728C5DD5500CDA918 /* FirebaseProvider */,
				07248DE828C5E890003FE4AB /* MockProvider */,
				07DFD73629210D7C00C23485 /* Mixpanel */,
				07DFD74829211B0900C23485 /* MixpanelProvider */,
				07E7D28729294124005393AE /* OneSignal */,
				07FB848A293C9BD5001181A7 /* FirebaseStorage */,
				07FB8491293C9EC2001181A7 /* NukeUI */,
				072518F4293CC15200977A75 /* FirebaseDatabase */,
				075EF7602AF0B8BB00684ACE /* Alamofire */,
				075EF7622AF0C17E00684ACE /* ChatGPTAIProvider */,
			);
			productName = "Bopomofo Studio";
			productReference = 5237C17226A5CB3E00C7BC56 /* Bopomofo Studio.app */;
			productType = "com.apple.product-type.application";
		};
/* End PBXNativeTarget section */

/* Begin PBXProject section */
		5237C16A26A5CB3E00C7BC56 /* Project object */ = {
			isa = PBXProject;
			attributes = {
				LastSwiftUpdateCheck = 1400;
				LastUpgradeCheck = 1330;
				TargetAttributes = {
					07E7D272292908FD005393AE = {
						CreatedOnToolsVersion = 14.0;
					};
					5237C17126A5CB3E00C7BC56 = {
						CreatedOnToolsVersion = 12.5.1;
					};
				};
			};
			buildConfigurationList = 5237C16D26A5CB3E00C7BC56 /* Build configuration list for PBXProject "Bopomofo Studio" */;
			compatibilityVersion = "Xcode 9.3";
			developmentRegion = en;
			hasScannedForEncodings = 0;
			knownRegions = (
				en,
				Base,
			);
			mainGroup = 5237C16926A5CB3E00C7BC56;
			packageReferences = (
				070D525728C5D6EF00CDA918 /* XCRemoteSwiftPackageReference "firebase-ios-sdk" */,
				07DFD73529210D7C00C23485 /* XCRemoteSwiftPackageReference "mixpanel-swift" */,
				07E7D28029290990005393AE /* XCRemoteSwiftPackageReference "OneSignal-XCFramework" */,
				07FB848E293C9D99001181A7 /* XCRemoteSwiftPackageReference "Nuke" */,
				075EF75F2AF0B8BB00684ACE /* XCRemoteSwiftPackageReference "Alamofire" */,
			);
			productRefGroup = 5237C17326A5CB3E00C7BC56 /* Products */;
			projectDirPath = "";
			projectRoot = "";
			targets = (
				5237C17126A5CB3E00C7BC56 /* Bopomofo Studio */,
				07E7D272292908FD005393AE /* OneSignalNotificationServiceExtension */,
			);
		};
/* End PBXProject section */

/* Begin PBXResourcesBuildPhase section */
		07E7D271292908FD005393AE /* Resources */ = {
			isa = PBXResourcesBuildPhase;
			buildActionMask = 2147483647;
			files = (
			);
			runOnlyForDeploymentPostprocessing = 0;
		};
		5237C17026A5CB3E00C7BC56 /* Resources */ = {
			isa = PBXResourcesBuildPhase;
			buildActionMask = 2147483647;
			files = (
				5253445D275360D100C439AC /* M_ㄓ.mp3 in Resources */,
				52534461275360D100C439AC /* M_ㄐ.mp3 in Resources */,
				5253444C275360D100C439AC /* M_ㄥ.mp3 in Resources */,
				5253446A275360D100C439AC /* M_ㄇ.mp3 in Resources */,
				52534450275360D100C439AC /* M_ㄜ.mp3 in Resources */,
				52534458275360D100C439AC /* M_ㄠ.mp3 in Resources */,
				5253441027521DDA00C439AC /* F_ㄏ.mp3 in Resources */,
				5253442327521DDA00C439AC /* F_ㄟ.mp3 in Resources */,
				5253440227521DDA00C439AC /* F_ㄖ.mp3 in Resources */,
				5253440127521DDA00C439AC /* F_ㄚ.mp3 in Resources */,
				52534453275360D100C439AC /* M_ㄗ.mp3 in Resources */,
				5253440927521DDA00C439AC /* F_ㄆ.mp3 in Resources */,
				5253441A27521DDA00C439AC /* F_ㄙ.mp3 in Resources */,
				5253440E27521DDA00C439AC /* F_ㄐ.mp3 in Resources */,
				5253440D27521DDA00C439AC /* F_ㄑ.mp3 in Resources */,
				5253440F27521DDA00C439AC /* F_ㄇ.mp3 in Resources */,
				5253446E275360D100C439AC /* M_ㄆ.mp3 in Resources */,
				52534467275360D100C439AC /* M_ㄎ.mp3 in Resources */,
				5253440527521DDA00C439AC /* F_ㄞ.mp3 in Resources */,
				52534460275360D100C439AC /* M_ㄣ.mp3 in Resources */,
				52534451275360D100C439AC /* M_ㄛ.mp3 in Resources */,
				52534466275360D100C439AC /* M_ㄙ.mp3 in Resources */,
				5253441427521DDA00C439AC /* F_ㄝ.mp3 in Resources */,
				52534465275360D100C439AC /* M_ㄖ.mp3 in Resources */,
				5253445F275360D100C439AC /* M_ㄨ.mp3 in Resources */,
				5253441927521DDA00C439AC /* F_ㄗ.mp3 in Resources */,
				5253440727521DDA00C439AC /* F_ㄥ.mp3 in Resources */,
				5253446F275360D100C439AC /* M_ㄦ.mp3 in Resources */,
				5253444D275360D100C439AC /* M_ㄅ.mp3 in Resources */,
				5253446D275360D100C439AC /* M_ㄒ.mp3 in Resources */,
				5253441F27521DDA00C439AC /* F_ㄎ.mp3 in Resources */,
				5253441727521DDA00C439AC /* F_ㄌ.mp3 in Resources */,
				07DFD744292118C300C23485 /* Staging.xcconfig in Resources */,
				5253445C275360D100C439AC /* M_ㄘ.mp3 in Resources */,
				5253431B2751026400C439AC /* ding.mp3 in Resources */,
				5253441827521DDA00C439AC /* F_ㄓ.mp3 in Resources */,
				5253445E275360D100C439AC /* M_ㄝ.mp3 in Resources */,
				5253446C275360D100C439AC /* M_ㄤ.mp3 in Resources */,
				5246F5262837A2F7006D0A10 /* Launch Screen.storyboard in Resources */,
				5253440A27521DDA00C439AC /* F_ㄤ.mp3 in Resources */,
				5253441E27521DDA00C439AC /* F_ㄩ.mp3 in Resources */,
				5253440427521DDA00C439AC /* F_ㄦ.mp3 in Resources */,
				5253440627521DDA00C439AC /* F_ㄈ.mp3 in Resources */,
				5253441D27521DDA00C439AC /* F_ㄜ.mp3 in Resources */,
				52534468275360D100C439AC /* M_ㄈ.mp3 in Resources */,
				52534454275360D100C439AC /* M_ㄋ.mp3 in Resources */,
				07B653A528C5CCA70036A1E6 /* Localizable.strings in Resources */,
				5253442127521DDA00C439AC /* F_ㄧ.mp3 in Resources */,
				52534455275360D100C439AC /* M_ㄔ.mp3 in Resources */,
				5253445B275360D100C439AC /* M_ㄌ.mp3 in Resources */,
				52534469275360D100C439AC /* M_ㄑ.mp3 in Resources */,
				522D4F3126D1805500578A82 /* Assets.xcassets in Resources */,
				5253441627521DDA00C439AC /* F_ㄘ.mp3 in Resources */,
				5253440327521DDA00C439AC /* F_ㄒ.mp3 in Resources */,
				5253441C27521DDA00C439AC /* F_ㄅ.mp3 in Resources */,
				07E7D28529291685005393AE /* GoogleService-Info.naquinojr.Bopomofo-Studio.staging.plist in Resources */,
				52534463275360D100C439AC /* M_ㄩ.mp3 in Resources */,
				52534452275360D100C439AC /* M_ㄚ.mp3 in Resources */,
				5253442027521DDA00C439AC /* F_ㄋ.mp3 in Resources */,
				5253431D275102F300C439AC /* bonk.mp3 in Resources */,
				5253440C27521DDA00C439AC /* F_ㄠ.mp3 in Resources */,
				5253441B27521DDA00C439AC /* F_ㄍ.mp3 in Resources */,
				5253446B275360D100C439AC /* M_ㄕ.mp3 in Resources */,
				5253442227521DDA00C439AC /* F_ㄣ.mp3 in Resources */,
				5253440827521DDA00C439AC /* F_ㄔ.mp3 in Resources */,
				5253445A275360D100C439AC /* M_ㄏ.mp3 in Resources */,
				52534462275360D100C439AC /* M_ㄧ.mp3 in Resources */,
				07248DF228C65141003FE4AB /* GoogleService-Info.naquinojr.Bopomofo-Studio.plist in Resources */,
				5253444B275360D100C439AC /* M_ㄊ.mp3 in Resources */,
				5253444E275360D100C439AC /* M_ㄡ.mp3 in Resources */,
				5253441327521DDA00C439AC /* F_ㄨ.mp3 in Resources */,
				5253441527521DDA00C439AC /* F_ㄢ.mp3 in Resources */,
				52534457275360D100C439AC /* M_ㄞ.mp3 in Resources */,
				5253442427521DDA00C439AC /* F_ㄛ.mp3 in Resources */,
				5253444F275360D100C439AC /* M_ㄟ.mp3 in Resources */,
				52534456275360D100C439AC /* M_ㄍ.mp3 in Resources */,
				5253440027521DDA00C439AC /* F_ㄉ.mp3 in Resources */,
				52534459275360D100C439AC /* M_ㄢ.mp3 in Resources */,
				52534464275360D100C439AC /* M_ㄉ.mp3 in Resources */,
				5253431F2751034A00C439AC /* eng.mp3 in Resources */,
				5253441227521DDA00C439AC /* F_ㄡ.mp3 in Resources */,
				5253441127521DDA00C439AC /* F_ㄊ.mp3 in Resources */,
				5253440B27521DDA00C439AC /* F_ㄕ.mp3 in Resources */,
				07DFD746292118CE00C23485 /* Release.xcconfig in Resources */,
			);
			runOnlyForDeploymentPostprocessing = 0;
		};
/* End PBXResourcesBuildPhase section */

/* Begin PBXSourcesBuildPhase section */
		07E7D26F292908FD005393AE /* Sources */ = {
			isa = PBXSourcesBuildPhase;
			buildActionMask = 2147483647;
			files = (
				07E7D276292908FD005393AE /* NotificationService.swift in Sources */,
			);
			runOnlyForDeploymentPostprocessing = 0;
		};
		5237C16E26A5CB3E00C7BC56 /* Sources */ = {
			isa = PBXSourcesBuildPhase;
			buildActionMask = 2147483647;
			files = (
				07FB8487293C845C001181A7 /* HomeView.swift in Sources */,
				07DFD740292117BA00C23485 /* EnvironmentKeys.swift in Sources */,
				07AE37A32939FB0800ECDA2F /* FlashcardView.swift in Sources */,
				070D525F28C5D76500CDA918 /* AppDelegate.swift in Sources */,
				5237C1A126A5CC0800C7BC56 /* ZhuyinTestView.swift in Sources */,
				07D1289429309D150011CFD9 /* OnboardingViewModel.swift in Sources */,
				07FB8489293C9AD8001181A7 /* HeroCellView.swift in Sources */,
				07AE37A52939FB1600ECDA2F /* FlashcardViewModel.swift in Sources */,
				52D43816282BD67200FFCAEB /* ZhuyinViewModel.swift in Sources */,
				5237C17626A5CB3E00C7BC56 /* Bopomofo Studio.swift in Sources */,
				07D1289E2931F2310011CFD9 /* UserDefaults+Extensions.swift in Sources */,
				07251903293F42C500977A75 /* TextField+Extensions.swift in Sources */,
				07248DEB28C637D7003FE4AB /* ContentPreviewViewModel.swift in Sources */,
				072518FE293D4BF100977A75 /* HomeCategoryCellViewModel.swift in Sources */,
				0702FF8D288D5FB600D78BF6 /* ReviewManager.swift in Sources */,
				07D128A12931F4D10011CFD9 /* DeveloperControlsView.swift in Sources */,
				52C479AD26AB886900E3540F /* SettingsView.swift in Sources */,
				073313BA2933313C0053F290 /* FeedbackSheet.swift in Sources */,
				52D43812282BD12700FFCAEB /* SoundManager.swift in Sources */,
				07248DE628C5E287003FE4AB /* SettingsViewModel.swift in Sources */,
				5215400B279F79B100CDD9FB /* ContentPreviewView.swift in Sources */,
				52D43814282BD15C00FFCAEB /* Constants.swift in Sources */,
				072518F7293D2F3500977A75 /* Strings+Extension.swift in Sources */,
				070D526328C5DCCD00CDA918 /* Router.swift in Sources */,
				07D1289C2930B46A0011CFD9 /* TestContentCell.swift in Sources */,
				07BB8BAE292A456800B2CE7C /* MainView.swift in Sources */,
				072518FA293D30A600977A75 /* LanguageHelper.swift in Sources */,
				07FB8485293C8456001181A7 /* HomeViewModel.swift in Sources */,
				07D1289629309D1D0011CFD9 /* OnboardingView.swift in Sources */,
				072518F3293CADBC00977A75 /* HeroCellViewModel.swift in Sources */,
				07D1289A29309E940011CFD9 /* OnboardingSlide.swift in Sources */,
				07729E9E2A9F05000015BE3B /* StatisticsView.swift in Sources */,
				07D128A32931F4DC0011CFD9 /* DeveloperControlsViewModel.swift in Sources */,
				072518FC293D4BE700977A75 /* HomeCategoryCellView.swift in Sources */,
				07A4DE7A29212A6D00D31402 /* PreviewProvider+Extensions.swift in Sources */,
				07729EA12A9F05AC0015BE3B /* StatisticsViewModel.swift in Sources */,
			);
			runOnlyForDeploymentPostprocessing = 0;
		};
/* End PBXSourcesBuildPhase section */

/* Begin PBXTargetDependency section */
		07E7D279292908FD005393AE /* PBXTargetDependency */ = {
			isa = PBXTargetDependency;
			target = 07E7D272292908FD005393AE /* OneSignalNotificationServiceExtension */;
			targetProxy = 07E7D278292908FD005393AE /* PBXContainerItemProxy */;
		};
/* End PBXTargetDependency section */

/* Begin XCBuildConfiguration section */
		07DFD7412921183000C23485 /* Staging */ = {
			isa = XCBuildConfiguration;
			baseConfigurationReference = 07DFD743292118C300C23485 /* Staging.xcconfig */;
			buildSettings = {
				ALWAYS_SEARCH_USER_PATHS = NO;
				CLANG_ANALYZER_GCD_PERFORMANCE = YES;
				CLANG_ANALYZER_LOCALIZABILITY_EMPTY_CONTEXT = YES;
				CLANG_ANALYZER_LOCALIZABILITY_NONLOCALIZED = YES;
				CLANG_ANALYZER_NONNULL = YES;
				CLANG_ANALYZER_NUMBER_OBJECT_CONVERSION = YES_AGGRESSIVE;
				CLANG_ANALYZER_OSOBJECT_C_STYLE_CAST = YES;
				CLANG_ANALYZER_SECURITY_FLOATLOOPCOUNTER = YES;
				CLANG_ANALYZER_SECURITY_INSECUREAPI_RAND = YES;
				CLANG_ANALYZER_SECURITY_INSECUREAPI_STRCPY = YES;
				CLANG_CXX_LANGUAGE_STANDARD = "gnu++14";
				CLANG_CXX_LIBRARY = "libc++";
				CLANG_ENABLE_MODULES = YES;
				CLANG_ENABLE_OBJC_ARC = YES;
				CLANG_ENABLE_OBJC_WEAK = YES;
				CLANG_STATIC_ANALYZER_MODE = deep;
				CLANG_TIDY_BUGPRONE_REDUNDANT_BRANCH_CONDITION = YES;
				CLANG_TIDY_MISC_REDUNDANT_EXPRESSION = YES;
				CLANG_WARN_BLOCK_CAPTURE_AUTORELEASING = YES;
				CLANG_WARN_BOOL_CONVERSION = YES;
				CLANG_WARN_COMMA = YES;
				CLANG_WARN_CONSTANT_CONVERSION = YES;
				CLANG_WARN_DEPRECATED_OBJC_IMPLEMENTATIONS = YES;
				CLANG_WARN_DIRECT_OBJC_ISA_USAGE = YES_ERROR;
				CLANG_WARN_DOCUMENTATION_COMMENTS = YES;
				CLANG_WARN_EMPTY_BODY = YES;
				CLANG_WARN_ENUM_CONVERSION = YES;
				CLANG_WARN_INFINITE_RECURSION = YES;
				CLANG_WARN_INT_CONVERSION = YES;
				CLANG_WARN_NON_LITERAL_NULL_CONVERSION = YES;
				CLANG_WARN_OBJC_IMPLICIT_RETAIN_SELF = YES;
				CLANG_WARN_OBJC_LITERAL_CONVERSION = YES;
				CLANG_WARN_OBJC_ROOT_CLASS = YES_ERROR;
				CLANG_WARN_QUOTED_INCLUDE_IN_FRAMEWORK_HEADER = YES;
				CLANG_WARN_RANGE_LOOP_ANALYSIS = YES;
				CLANG_WARN_STRICT_PROTOTYPES = YES;
				CLANG_WARN_SUSPICIOUS_MOVE = YES;
				CLANG_WARN_UNGUARDED_AVAILABILITY = YES_AGGRESSIVE;
				CLANG_WARN_UNREACHABLE_CODE = YES;
				CLANG_WARN__DUPLICATE_METHOD_MATCH = YES;
				COPY_PHASE_STRIP = NO;
				DEBUG_INFORMATION_FORMAT = "dwarf-with-dsym";
				ENABLE_NS_ASSERTIONS = NO;
				ENABLE_STRICT_OBJC_MSGSEND = YES;
				GCC_C_LANGUAGE_STANDARD = gnu11;
				GCC_NO_COMMON_BLOCKS = NO;
				GCC_WARN_64_TO_32_BIT_CONVERSION = YES;
				GCC_WARN_ABOUT_RETURN_TYPE = YES_ERROR;
				GCC_WARN_UNDECLARED_SELECTOR = YES;
				GCC_WARN_UNINITIALIZED_AUTOS = YES_AGGRESSIVE;
				GCC_WARN_UNUSED_FUNCTION = YES;
				GCC_WARN_UNUSED_VARIABLE = YES;
				IPHONEOS_DEPLOYMENT_TARGET = 15.0;
				MTL_ENABLE_DEBUG_INFO = NO;
				MTL_FAST_MATH = YES;
				SDKROOT = iphoneos;
				SWIFT_COMPILATION_MODE = wholemodule;
				SWIFT_OPTIMIZATION_LEVEL = "-O";
				VALIDATE_PRODUCT = YES;
			};
			name = Staging;
		};
		07DFD7422921183000C23485 /* Staging */ = {
			isa = XCBuildConfiguration;
			buildSettings = {
				ALWAYS_EMBED_SWIFT_STANDARD_LIBRARIES = YES;
				ASSETCATALOG_COMPILER_APPICON_NAME = AppIconStaging;
				ASSETCATALOG_COMPILER_GLOBAL_ACCENT_COLOR_NAME = AccentColor;
				ASSETCATALOG_COMPILER_INCLUDE_ALL_APPICON_ASSETS = NO;
				CODE_SIGN_ENTITLEMENTS = "Bopomofo Studio/Bopomofo Studio.entitlements";
				CODE_SIGN_STYLE = Automatic;
				DEVELOPMENT_TEAM = V89Z8LQWPX;
				ENABLE_PREVIEWS = YES;
				INFOPLIST_FILE = "Bopomofo Studio/Resources/Info.plist";
				INFOPLIST_KEY_LSApplicationCategoryType = "public.app-category.education";
				IPHONEOS_DEPLOYMENT_TARGET = 15.0;
				LD_RUNPATH_SEARCH_PATHS = (
					"$(inherited)",
					"@executable_path/Frameworks",
				);
				MARKETING_VERSION = 1.5.3;
				PRODUCT_BUNDLE_IDENTIFIER = "naquinojr.Bopomofo-Studio.staging";
				PRODUCT_NAME = "Bopomofo Studio - Staging";
				SWIFT_VERSION = 5.0;
				TARGETED_DEVICE_FAMILY = "1,2";
			};
			name = Staging;
		};
		07E7D27C292908FD005393AE /* Debug */ = {
			isa = XCBuildConfiguration;
			buildSettings = {
				CLANG_CXX_LANGUAGE_STANDARD = "gnu++20";
				CODE_SIGN_ENTITLEMENTS = OneSignalNotificationServiceExtension/OneSignalNotificationServiceExtension.entitlements;
				CODE_SIGN_IDENTITY = "Apple Development";
				CODE_SIGN_STYLE = Automatic;
				CURRENT_PROJECT_VERSION = 1;
				DEVELOPMENT_TEAM = V89Z8LQWPX;
				GCC_NO_COMMON_BLOCKS = YES;
				GENERATE_INFOPLIST_FILE = YES;
				INFOPLIST_FILE = OneSignalNotificationServiceExtension/Info.plist;
				INFOPLIST_KEY_CFBundleDisplayName = OneSignalNotificationServiceExtension;
				INFOPLIST_KEY_NSHumanReadableCopyright = "";
				IPHONEOS_DEPLOYMENT_TARGET = 16.0;
				LD_RUNPATH_SEARCH_PATHS = (
					"$(inherited)",
					"@executable_path/Frameworks",
					"@executable_path/../../Frameworks",
				);
				MARKETING_VERSION = 1.5.3;
				PRODUCT_BUNDLE_IDENTIFIER = "naquinojr.Bopomofo-Studio.staging.OneSignalNotificationServiceExtension";
				PRODUCT_NAME = "$(TARGET_NAME)";
				PROVISIONING_PROFILE_SPECIFIER = "";
				SKIP_INSTALL = YES;
				SWIFT_EMIT_LOC_STRINGS = YES;
				SWIFT_VERSION = 5.0;
				TARGETED_DEVICE_FAMILY = "1,2";
			};
			name = Debug;
		};
		07E7D27D292908FD005393AE /* Release */ = {
			isa = XCBuildConfiguration;
			buildSettings = {
				CLANG_CXX_LANGUAGE_STANDARD = "gnu++20";
				CODE_SIGN_ENTITLEMENTS = OneSignalNotificationServiceExtension/OneSignalNotificationServiceExtension.entitlements;
				CODE_SIGN_STYLE = Automatic;
				CURRENT_PROJECT_VERSION = 1;
				DEVELOPMENT_TEAM = V89Z8LQWPX;
				GCC_NO_COMMON_BLOCKS = YES;
				GENERATE_INFOPLIST_FILE = YES;
				INFOPLIST_FILE = OneSignalNotificationServiceExtension/Info.plist;
				INFOPLIST_KEY_CFBundleDisplayName = OneSignalNotificationServiceExtension;
				INFOPLIST_KEY_NSHumanReadableCopyright = "";
				IPHONEOS_DEPLOYMENT_TARGET = 16.0;
				LD_RUNPATH_SEARCH_PATHS = (
					"$(inherited)",
					"@executable_path/Frameworks",
					"@executable_path/../../Frameworks",
				);
				MARKETING_VERSION = 1.5.3;
				PRODUCT_BUNDLE_IDENTIFIER = "naquinojr.Bopomofo-Studio.OneSignalNotificationServiceExtension";
				PRODUCT_NAME = "$(TARGET_NAME)";
				SKIP_INSTALL = YES;
				SWIFT_EMIT_LOC_STRINGS = YES;
				SWIFT_VERSION = 5.0;
				TARGETED_DEVICE_FAMILY = "1,2";
			};
			name = Release;
		};
		07E7D27E292908FD005393AE /* Staging */ = {
			isa = XCBuildConfiguration;
			buildSettings = {
				CLANG_CXX_LANGUAGE_STANDARD = "gnu++20";
				CODE_SIGN_ENTITLEMENTS = OneSignalNotificationServiceExtension/OneSignalNotificationServiceExtension.entitlements;
				CODE_SIGN_IDENTITY = "Apple Development";
				CODE_SIGN_STYLE = Automatic;
				CURRENT_PROJECT_VERSION = 1;
				DEVELOPMENT_TEAM = V89Z8LQWPX;
				GCC_NO_COMMON_BLOCKS = YES;
				GENERATE_INFOPLIST_FILE = YES;
				INFOPLIST_FILE = OneSignalNotificationServiceExtension/Info.plist;
				INFOPLIST_KEY_CFBundleDisplayName = OneSignalNotificationServiceExtension;
				INFOPLIST_KEY_NSHumanReadableCopyright = "";
				IPHONEOS_DEPLOYMENT_TARGET = 16.0;
				LD_RUNPATH_SEARCH_PATHS = (
					"$(inherited)",
					"@executable_path/Frameworks",
					"@executable_path/../../Frameworks",
				);
				MARKETING_VERSION = 1.5.3;
				PRODUCT_BUNDLE_IDENTIFIER = "naquinojr.Bopomofo-Studio.staging.OneSignalNotificationServiceExtension";
				PRODUCT_NAME = "$(TARGET_NAME)";
				PROVISIONING_PROFILE_SPECIFIER = "";
				SKIP_INSTALL = YES;
				SWIFT_EMIT_LOC_STRINGS = YES;
				SWIFT_VERSION = 5.0;
				TARGETED_DEVICE_FAMILY = "1,2";
			};
			name = Staging;
		};
		5237C19526A5CB4000C7BC56 /* Debug */ = {
			isa = XCBuildConfiguration;
			baseConfigurationReference = 07DFD743292118C300C23485 /* Staging.xcconfig */;
			buildSettings = {
				ALWAYS_SEARCH_USER_PATHS = NO;
				CLANG_ANALYZER_GCD_PERFORMANCE = YES;
				CLANG_ANALYZER_LOCALIZABILITY_EMPTY_CONTEXT = YES;
				CLANG_ANALYZER_LOCALIZABILITY_NONLOCALIZED = YES;
				CLANG_ANALYZER_NONNULL = YES;
				CLANG_ANALYZER_NUMBER_OBJECT_CONVERSION = YES_AGGRESSIVE;
				CLANG_ANALYZER_OSOBJECT_C_STYLE_CAST = YES;
				CLANG_ANALYZER_SECURITY_FLOATLOOPCOUNTER = YES;
				CLANG_ANALYZER_SECURITY_INSECUREAPI_RAND = YES;
				CLANG_ANALYZER_SECURITY_INSECUREAPI_STRCPY = YES;
				CLANG_CXX_LANGUAGE_STANDARD = "gnu++14";
				CLANG_CXX_LIBRARY = "libc++";
				CLANG_ENABLE_MODULES = YES;
				CLANG_ENABLE_OBJC_ARC = YES;
				CLANG_ENABLE_OBJC_WEAK = YES;
				CLANG_STATIC_ANALYZER_MODE = deep;
				CLANG_TIDY_BUGPRONE_REDUNDANT_BRANCH_CONDITION = YES;
				CLANG_TIDY_MISC_REDUNDANT_EXPRESSION = YES;
				CLANG_WARN_BLOCK_CAPTURE_AUTORELEASING = YES;
				CLANG_WARN_BOOL_CONVERSION = YES;
				CLANG_WARN_COMMA = YES;
				CLANG_WARN_CONSTANT_CONVERSION = YES;
				CLANG_WARN_DEPRECATED_OBJC_IMPLEMENTATIONS = YES;
				CLANG_WARN_DIRECT_OBJC_ISA_USAGE = YES_ERROR;
				CLANG_WARN_DOCUMENTATION_COMMENTS = YES;
				CLANG_WARN_EMPTY_BODY = YES;
				CLANG_WARN_ENUM_CONVERSION = YES;
				CLANG_WARN_INFINITE_RECURSION = YES;
				CLANG_WARN_INT_CONVERSION = YES;
				CLANG_WARN_NON_LITERAL_NULL_CONVERSION = YES;
				CLANG_WARN_OBJC_IMPLICIT_RETAIN_SELF = YES;
				CLANG_WARN_OBJC_LITERAL_CONVERSION = YES;
				CLANG_WARN_OBJC_ROOT_CLASS = YES_ERROR;
				CLANG_WARN_QUOTED_INCLUDE_IN_FRAMEWORK_HEADER = YES;
				CLANG_WARN_RANGE_LOOP_ANALYSIS = YES;
				CLANG_WARN_STRICT_PROTOTYPES = YES;
				CLANG_WARN_SUSPICIOUS_MOVE = YES;
				CLANG_WARN_UNGUARDED_AVAILABILITY = YES_AGGRESSIVE;
				CLANG_WARN_UNREACHABLE_CODE = YES;
				CLANG_WARN__DUPLICATE_METHOD_MATCH = YES;
				COPY_PHASE_STRIP = NO;
				DEBUG_INFORMATION_FORMAT = dwarf;
				ENABLE_STRICT_OBJC_MSGSEND = YES;
				ENABLE_TESTABILITY = YES;
				GCC_C_LANGUAGE_STANDARD = gnu11;
				GCC_DYNAMIC_NO_PIC = NO;
				GCC_NO_COMMON_BLOCKS = NO;
				"GCC_NO_COMMON_BLOCKS[arch=*]" = NO;
				GCC_OPTIMIZATION_LEVEL = 0;
				GCC_PREPROCESSOR_DEFINITIONS = (
					"DEBUG=1",
					"$(inherited)",
				);
				GCC_WARN_64_TO_32_BIT_CONVERSION = YES;
				GCC_WARN_ABOUT_RETURN_TYPE = YES_ERROR;
				GCC_WARN_UNDECLARED_SELECTOR = YES;
				GCC_WARN_UNINITIALIZED_AUTOS = YES_AGGRESSIVE;
				GCC_WARN_UNUSED_FUNCTION = YES;
				GCC_WARN_UNUSED_VARIABLE = YES;
				IPHONEOS_DEPLOYMENT_TARGET = 15.0;
				MTL_ENABLE_DEBUG_INFO = INCLUDE_SOURCE;
				MTL_FAST_MATH = YES;
				ONLY_ACTIVE_ARCH = YES;
				SDKROOT = iphoneos;
				SWIFT_ACTIVE_COMPILATION_CONDITIONS = DEBUG;
				SWIFT_OPTIMIZATION_LEVEL = "-Onone";
			};
			name = Debug;
		};
		5237C19626A5CB4000C7BC56 /* Release */ = {
			isa = XCBuildConfiguration;
			baseConfigurationReference = 07DFD745292118CE00C23485 /* Release.xcconfig */;
			buildSettings = {
				ALWAYS_SEARCH_USER_PATHS = NO;
				CLANG_ANALYZER_GCD_PERFORMANCE = YES;
				CLANG_ANALYZER_LOCALIZABILITY_EMPTY_CONTEXT = YES;
				CLANG_ANALYZER_LOCALIZABILITY_NONLOCALIZED = YES;
				CLANG_ANALYZER_NONNULL = YES;
				CLANG_ANALYZER_NUMBER_OBJECT_CONVERSION = YES_AGGRESSIVE;
				CLANG_ANALYZER_OSOBJECT_C_STYLE_CAST = YES;
				CLANG_ANALYZER_SECURITY_FLOATLOOPCOUNTER = YES;
				CLANG_ANALYZER_SECURITY_INSECUREAPI_RAND = YES;
				CLANG_ANALYZER_SECURITY_INSECUREAPI_STRCPY = YES;
				CLANG_CXX_LANGUAGE_STANDARD = "gnu++14";
				CLANG_CXX_LIBRARY = "libc++";
				CLANG_ENABLE_MODULES = YES;
				CLANG_ENABLE_OBJC_ARC = YES;
				CLANG_ENABLE_OBJC_WEAK = YES;
				CLANG_STATIC_ANALYZER_MODE = deep;
				CLANG_TIDY_BUGPRONE_REDUNDANT_BRANCH_CONDITION = YES;
				CLANG_TIDY_MISC_REDUNDANT_EXPRESSION = YES;
				CLANG_WARN_BLOCK_CAPTURE_AUTORELEASING = YES;
				CLANG_WARN_BOOL_CONVERSION = YES;
				CLANG_WARN_COMMA = YES;
				CLANG_WARN_CONSTANT_CONVERSION = YES;
				CLANG_WARN_DEPRECATED_OBJC_IMPLEMENTATIONS = YES;
				CLANG_WARN_DIRECT_OBJC_ISA_USAGE = YES_ERROR;
				CLANG_WARN_DOCUMENTATION_COMMENTS = YES;
				CLANG_WARN_EMPTY_BODY = YES;
				CLANG_WARN_ENUM_CONVERSION = YES;
				CLANG_WARN_INFINITE_RECURSION = YES;
				CLANG_WARN_INT_CONVERSION = YES;
				CLANG_WARN_NON_LITERAL_NULL_CONVERSION = YES;
				CLANG_WARN_OBJC_IMPLICIT_RETAIN_SELF = YES;
				CLANG_WARN_OBJC_LITERAL_CONVERSION = YES;
				CLANG_WARN_OBJC_ROOT_CLASS = YES_ERROR;
				CLANG_WARN_QUOTED_INCLUDE_IN_FRAMEWORK_HEADER = YES;
				CLANG_WARN_RANGE_LOOP_ANALYSIS = YES;
				CLANG_WARN_STRICT_PROTOTYPES = YES;
				CLANG_WARN_SUSPICIOUS_MOVE = YES;
				CLANG_WARN_UNGUARDED_AVAILABILITY = YES_AGGRESSIVE;
				CLANG_WARN_UNREACHABLE_CODE = YES;
				CLANG_WARN__DUPLICATE_METHOD_MATCH = YES;
				COPY_PHASE_STRIP = NO;
				DEBUG_INFORMATION_FORMAT = "dwarf-with-dsym";
				ENABLE_NS_ASSERTIONS = NO;
				ENABLE_STRICT_OBJC_MSGSEND = YES;
				GCC_C_LANGUAGE_STANDARD = gnu11;
				GCC_NO_COMMON_BLOCKS = NO;
				GCC_WARN_64_TO_32_BIT_CONVERSION = YES;
				GCC_WARN_ABOUT_RETURN_TYPE = YES_ERROR;
				GCC_WARN_UNDECLARED_SELECTOR = YES;
				GCC_WARN_UNINITIALIZED_AUTOS = YES_AGGRESSIVE;
				GCC_WARN_UNUSED_FUNCTION = YES;
				GCC_WARN_UNUSED_VARIABLE = YES;
				IPHONEOS_DEPLOYMENT_TARGET = 15.0;
				MTL_ENABLE_DEBUG_INFO = NO;
				MTL_FAST_MATH = YES;
				SDKROOT = iphoneos;
				SWIFT_COMPILATION_MODE = wholemodule;
				SWIFT_OPTIMIZATION_LEVEL = "-O";
				VALIDATE_PRODUCT = YES;
			};
			name = Release;
		};
		5237C19826A5CB4000C7BC56 /* Debug */ = {
			isa = XCBuildConfiguration;
			buildSettings = {
				ALWAYS_EMBED_SWIFT_STANDARD_LIBRARIES = YES;
				ASSETCATALOG_COMPILER_APPICON_NAME = AppIconStaging;
				ASSETCATALOG_COMPILER_GLOBAL_ACCENT_COLOR_NAME = AccentColor;
				ASSETCATALOG_COMPILER_INCLUDE_ALL_APPICON_ASSETS = NO;
				CODE_SIGN_ENTITLEMENTS = "Bopomofo Studio/Bopomofo Studio.entitlements";
				CODE_SIGN_STYLE = Automatic;
				DEVELOPMENT_TEAM = V89Z8LQWPX;
				ENABLE_PREVIEWS = YES;
				INFOPLIST_FILE = "Bopomofo Studio/Resources/Info.plist";
				INFOPLIST_KEY_LSApplicationCategoryType = "public.app-category.education";
				IPHONEOS_DEPLOYMENT_TARGET = 15.0;
				LD_RUNPATH_SEARCH_PATHS = (
					"$(inherited)",
					"@executable_path/Frameworks",
				);
				MARKETING_VERSION = 1.5.3;
				PRODUCT_BUNDLE_IDENTIFIER = "naquinojr.Bopomofo-Studio.staging";
				PRODUCT_NAME = "Bopomofo Studio";
				SWIFT_VERSION = 5.0;
				TARGETED_DEVICE_FAMILY = "1,2";
			};
			name = Debug;
		};
		5237C19926A5CB4000C7BC56 /* Release */ = {
			isa = XCBuildConfiguration;
			buildSettings = {
				ALWAYS_EMBED_SWIFT_STANDARD_LIBRARIES = YES;
				ASSETCATALOG_COMPILER_APPICON_NAME = AppIcon;
				ASSETCATALOG_COMPILER_GLOBAL_ACCENT_COLOR_NAME = AccentColor;
				ASSETCATALOG_COMPILER_INCLUDE_ALL_APPICON_ASSETS = NO;
				CODE_SIGN_ENTITLEMENTS = "Bopomofo Studio/Bopomofo Studio.entitlements";
				CODE_SIGN_STYLE = Automatic;
				DEVELOPMENT_TEAM = V89Z8LQWPX;
				ENABLE_PREVIEWS = YES;
				INFOPLIST_FILE = "Bopomofo Studio/Resources/Info.plist";
				INFOPLIST_KEY_LSApplicationCategoryType = "public.app-category.education";
				IPHONEOS_DEPLOYMENT_TARGET = 15.0;
				LD_RUNPATH_SEARCH_PATHS = (
					"$(inherited)",
					"@executable_path/Frameworks",
				);
				MARKETING_VERSION = 1.5.3;
				PRODUCT_BUNDLE_IDENTIFIER = "naquinojr.Bopomofo-Studio";
				PRODUCT_NAME = "Bopomofo Studio";
				SWIFT_VERSION = 5.0;
				TARGETED_DEVICE_FAMILY = "1,2";
			};
			name = Release;
		};
/* End XCBuildConfiguration section */

/* Begin XCConfigurationList section */
		07E7D27F292908FD005393AE /* Build configuration list for PBXNativeTarget "OneSignalNotificationServiceExtension" */ = {
			isa = XCConfigurationList;
			buildConfigurations = (
				07E7D27C292908FD005393AE /* Debug */,
				07E7D27D292908FD005393AE /* Release */,
				07E7D27E292908FD005393AE /* Staging */,
			);
			defaultConfigurationIsVisible = 0;
			defaultConfigurationName = Release;
		};
		5237C16D26A5CB3E00C7BC56 /* Build configuration list for PBXProject "Bopomofo Studio" */ = {
			isa = XCConfigurationList;
			buildConfigurations = (
				5237C19526A5CB4000C7BC56 /* Debug */,
				5237C19626A5CB4000C7BC56 /* Release */,
				07DFD7412921183000C23485 /* Staging */,
			);
			defaultConfigurationIsVisible = 0;
			defaultConfigurationName = Release;
		};
		5237C19726A5CB4000C7BC56 /* Build configuration list for PBXNativeTarget "Bopomofo Studio" */ = {
			isa = XCConfigurationList;
			buildConfigurations = (
				5237C19826A5CB4000C7BC56 /* Debug */,
				5237C19926A5CB4000C7BC56 /* Release */,
				07DFD7422921183000C23485 /* Staging */,
			);
			defaultConfigurationIsVisible = 0;
			defaultConfigurationName = Release;
		};
/* End XCConfigurationList section */

/* Begin XCRemoteSwiftPackageReference section */
		070D525728C5D6EF00CDA918 /* XCRemoteSwiftPackageReference "firebase-ios-sdk" */ = {
			isa = XCRemoteSwiftPackageReference;
			repositoryURL = "https://github.com/firebase/firebase-ios-sdk";
			requirement = {
				branch = master;
				kind = branch;
			};
		};
		075EF75F2AF0B8BB00684ACE /* XCRemoteSwiftPackageReference "Alamofire" */ = {
			isa = XCRemoteSwiftPackageReference;
			repositoryURL = "https://github.com/Alamofire/Alamofire.git";
			requirement = {
				kind = upToNextMajorVersion;
				minimumVersion = 5.0.0;
			};
		};
		07DFD73529210D7C00C23485 /* XCRemoteSwiftPackageReference "mixpanel-swift" */ = {
			isa = XCRemoteSwiftPackageReference;
			repositoryURL = "https://github.com/mixpanel/mixpanel-swift.git";
			requirement = {
				kind = upToNextMajorVersion;
				minimumVersion = 4.0.0;
			};
		};
		07E7D28029290990005393AE /* XCRemoteSwiftPackageReference "OneSignal-XCFramework" */ = {
			isa = XCRemoteSwiftPackageReference;
			repositoryURL = "https://github.com/OneSignal/OneSignal-XCFramework";
			requirement = {
				kind = upToNextMajorVersion;
				minimumVersion = 3.0.0;
			};
		};
		07FB848E293C9D99001181A7 /* XCRemoteSwiftPackageReference "Nuke" */ = {
			isa = XCRemoteSwiftPackageReference;
			repositoryURL = "https://github.com/kean/Nuke.git";
			requirement = {
				kind = upToNextMajorVersion;
				minimumVersion = 11.0.0;
			};
		};
/* End XCRemoteSwiftPackageReference section */

/* Begin XCSwiftPackageProductDependency section */
		070C22432929DDE300A6CED2 /* OneSignal */ = {
			isa = XCSwiftPackageProductDependency;
			package = 07E7D28029290990005393AE /* XCRemoteSwiftPackageReference "OneSignal-XCFramework" */;
			productName = OneSignal;
		};
		070D525828C5D6EF00CDA918 /* FirebaseAuth */ = {
			isa = XCSwiftPackageProductDependency;
			package = 070D525728C5D6EF00CDA918 /* XCRemoteSwiftPackageReference "firebase-ios-sdk" */;
			productName = FirebaseAuth;
		};
		070D525A28C5D6EF00CDA918 /* FirebaseCrashlytics */ = {
			isa = XCSwiftPackageProductDependency;
			package = 070D525728C5D6EF00CDA918 /* XCRemoteSwiftPackageReference "firebase-ios-sdk" */;
			productName = FirebaseCrashlytics;
		};
		070D525C28C5D6EF00CDA918 /* FirebaseFirestore */ = {
			isa = XCSwiftPackageProductDependency;
			package = 070D525728C5D6EF00CDA918 /* XCRemoteSwiftPackageReference "firebase-ios-sdk" */;
			productName = FirebaseFirestore;
		};
		070D526528C5DD5200CDA918 /* CoreBopomofoStudio */ = {
			isa = XCSwiftPackageProductDependency;
			productName = CoreBopomofoStudio;
		};
		070D526728C5DD5500CDA918 /* FirebaseProvider */ = {
			isa = XCSwiftPackageProductDependency;
			productName = FirebaseProvider;
		};
		07248DE828C5E890003FE4AB /* MockProvider */ = {
			isa = XCSwiftPackageProductDependency;
			productName = MockProvider;
		};
		072518F4293CC15200977A75 /* FirebaseDatabase */ = {
			isa = XCSwiftPackageProductDependency;
			package = 070D525728C5D6EF00CDA918 /* XCRemoteSwiftPackageReference "firebase-ios-sdk" */;
			productName = FirebaseDatabase;
		};
		075EF7602AF0B8BB00684ACE /* Alamofire */ = {
			isa = XCSwiftPackageProductDependency;
			package = 075EF75F2AF0B8BB00684ACE /* XCRemoteSwiftPackageReference "Alamofire" */;
			productName = Alamofire;
		};
		075EF7622AF0C17E00684ACE /* ChatGPTAIProvider */ = {
			isa = XCSwiftPackageProductDependency;
			productName = ChatGPTAIProvider;
		};
		07DFD73629210D7C00C23485 /* Mixpanel */ = {
			isa = XCSwiftPackageProductDependency;
			package = 07DFD73529210D7C00C23485 /* XCRemoteSwiftPackageReference "mixpanel-swift" */;
			productName = Mixpanel;
		};
		07DFD74829211B0900C23485 /* MixpanelProvider */ = {
			isa = XCSwiftPackageProductDependency;
			productName = MixpanelProvider;
		};
		07E7D28729294124005393AE /* OneSignal */ = {
			isa = XCSwiftPackageProductDependency;
			package = 07E7D28029290990005393AE /* XCRemoteSwiftPackageReference "OneSignal-XCFramework" */;
			productName = OneSignal;
		};
		07FB848A293C9BD5001181A7 /* FirebaseStorage */ = {
			isa = XCSwiftPackageProductDependency;
			package = 070D525728C5D6EF00CDA918 /* XCRemoteSwiftPackageReference "firebase-ios-sdk" */;
			productName = FirebaseStorage;
		};
		07FB8491293C9EC2001181A7 /* NukeUI */ = {
			isa = XCSwiftPackageProductDependency;
			package = 07FB848E293C9D99001181A7 /* XCRemoteSwiftPackageReference "Nuke" */;
			productName = NukeUI;
		};
/* End XCSwiftPackageProductDependency section */
	};
	rootObject = 5237C16A26A5CB3E00C7BC56 /* Project object */;
}
